// !$*UTF8*$!
{
	archiveVersion = 1;
	classes = {
	};
	objectVersion = 46;
	objects = {

/* Begin PBXBuildFile section */
		65004BA618E7110100749A82 /* SWRevealViewController.m in Sources */ = {isa = PBXBuildFile; fileRef = 65004BA518E7110100749A82 /* SWRevealViewController.m */; };
		6520A6331909FDD5006FD28C /* SignupViewController.m in Sources */ = {isa = PBXBuildFile; fileRef = 6520A6321909FDD5006FD28C /* SignupViewController.m */; };
		6520A635190A8B56006FD28C /* CoreData.framework in Frameworks */ = {isa = PBXBuildFile; fileRef = 6520A634190A8B56006FD28C /* CoreData.framework */; };
		6533F55618E190360017C7D6 /* CollectionCell.xib in Resources */ = {isa = PBXBuildFile; fileRef = 6533F55318E190360017C7D6 /* CollectionCell.xib */; };
		6533F55718E190360017C7D6 /* CoverFlowLayout.m in Sources */ = {isa = PBXBuildFile; fileRef = 6533F55518E190360017C7D6 /* CoverFlowLayout.m */; };
		6533F55A18E190560017C7D6 /* CollectionCell.m in Sources */ = {isa = PBXBuildFile; fileRef = 6533F55918E190560017C7D6 /* CollectionCell.m */; };
		6533F55E18E190630017C7D6 /* DesiredGradeViewController.m in Sources */ = {isa = PBXBuildFile; fileRef = 6533F55C18E190630017C7D6 /* DesiredGradeViewController.m */; };
		6533F55F18E190630017C7D6 /* DesiredGradeViewController.xib in Resources */ = {isa = PBXBuildFile; fileRef = 6533F55D18E190630017C7D6 /* DesiredGradeViewController.xib */; };
		6533F56A18E194810017C7D6 /* QuestionView.m in Sources */ = {isa = PBXBuildFile; fileRef = 6533F56918E194810017C7D6 /* QuestionView.m */; };
		6533F57018E195700017C7D6 /* Question.m in Sources */ = {isa = PBXBuildFile; fileRef = 6533F56F18E195700017C7D6 /* Question.m */; };
		6533F57318E4F19E0017C7D6 /* SimpleCoverFlowLayout.m in Sources */ = {isa = PBXBuildFile; fileRef = 6533F57218E4F19E0017C7D6 /* SimpleCoverFlowLayout.m */; };
		655EC60918DF5FE20036515F /* Foundation.framework in Frameworks */ = {isa = PBXBuildFile; fileRef = 655EC60818DF5FE20036515F /* Foundation.framework */; };
		655EC60B18DF5FE20036515F /* CoreGraphics.framework in Frameworks */ = {isa = PBXBuildFile; fileRef = 655EC60A18DF5FE20036515F /* CoreGraphics.framework */; };
		655EC60D18DF5FE20036515F /* UIKit.framework in Frameworks */ = {isa = PBXBuildFile; fileRef = 655EC60C18DF5FE20036515F /* UIKit.framework */; };
		655EC61318DF5FE20036515F /* InfoPlist.strings in Resources */ = {isa = PBXBuildFile; fileRef = 655EC61118DF5FE20036515F /* InfoPlist.strings */; };
		655EC61518DF5FE20036515F /* main.m in Sources */ = {isa = PBXBuildFile; fileRef = 655EC61418DF5FE20036515F /* main.m */; };
		655EC61918DF5FE20036515F /* MainAppDelegate.m in Sources */ = {isa = PBXBuildFile; fileRef = 655EC61818DF5FE20036515F /* MainAppDelegate.m */; };
		655EC61C18DF5FE20036515F /* Main.storyboard in Resources */ = {isa = PBXBuildFile; fileRef = 655EC61A18DF5FE20036515F /* Main.storyboard */; };
		655EC62118DF5FE20036515F /* Images.xcassets in Resources */ = {isa = PBXBuildFile; fileRef = 655EC62018DF5FE20036515F /* Images.xcassets */; };
		655EC62818DF5FE20036515F /* XCTest.framework in Frameworks */ = {isa = PBXBuildFile; fileRef = 655EC62718DF5FE20036515F /* XCTest.framework */; };
		655EC62918DF5FE20036515F /* Foundation.framework in Frameworks */ = {isa = PBXBuildFile; fileRef = 655EC60818DF5FE20036515F /* Foundation.framework */; };
		655EC62A18DF5FE20036515F /* UIKit.framework in Frameworks */ = {isa = PBXBuildFile; fileRef = 655EC60C18DF5FE20036515F /* UIKit.framework */; };
		655EC63218DF5FE20036515F /* InfoPlist.strings in Resources */ = {isa = PBXBuildFile; fileRef = 655EC63018DF5FE20036515F /* InfoPlist.strings */; };
		655EC63418DF5FE20036515F /* life_gradeTests.m in Sources */ = {isa = PBXBuildFile; fileRef = 655EC63318DF5FE20036515F /* life_gradeTests.m */; };
		655EC64218DF62550036515F /* MenuViewController.m in Sources */ = {isa = PBXBuildFile; fileRef = 655EC64018DF62550036515F /* MenuViewController.m */; };
		655EC64318DF62550036515F /* MenuViewController.xib in Resources */ = {isa = PBXBuildFile; fileRef = 655EC64118DF62550036515F /* MenuViewController.xib */; };
		655EC64718DF626E0036515F /* OpeningViewController.m in Sources */ = {isa = PBXBuildFile; fileRef = 655EC64518DF626E0036515F /* OpeningViewController.m */; };
		655EC64818DF626E0036515F /* OpeningViewController.xib in Resources */ = {isa = PBXBuildFile; fileRef = 655EC64618DF626E0036515F /* OpeningViewController.xib */; };
		65714FFD191475080034009A /* HAViewController.m in Sources */ = {isa = PBXBuildFile; fileRef = 65714FFA191475080034009A /* HAViewController.m */; };
		65714FFE191475080034009A /* HASmallCollectionViewController.m in Sources */ = {isa = PBXBuildFile; fileRef = 65714FFC191475080034009A /* HASmallCollectionViewController.m */; };
		65715011191482880034009A /* blue-arrow--@2x.png in Resources */ = {isa = PBXBuildFile; fileRef = 65715001191482880034009A /* blue-arrow--@2x.png */; };
		65715012191482880034009A /* Blue-box-2-@2x.png in Resources */ = {isa = PBXBuildFile; fileRef = 65715002191482880034009A /* Blue-box-2-@2x.png */; };
		65715013191482880034009A /* blue-box-3-@2x.png in Resources */ = {isa = PBXBuildFile; fileRef = 65715003191482880034009A /* blue-box-3-@2x.png */; };
		65715014191482880034009A /* Dotted-like-2-@2x.png in Resources */ = {isa = PBXBuildFile; fileRef = 65715004191482880034009A /* Dotted-like-2-@2x.png */; };
		65715015191482880034009A /* Dotted-line-1-@2x.png in Resources */ = {isa = PBXBuildFile; fileRef = 65715005191482880034009A /* Dotted-line-1-@2x.png */; };
		65715016191482880034009A /* empty-Black-box-@2x.png in Resources */ = {isa = PBXBuildFile; fileRef = 65715006191482880034009A /* empty-Black-box-@2x.png */; };
		65715017191482880034009A /* empty-Blue-box-@2x.png in Resources */ = {isa = PBXBuildFile; fileRef = 65715007191482880034009A /* empty-Blue-box-@2x.png */; };
		65715018191482880034009A /* Green-button-@2x.png in Resources */ = {isa = PBXBuildFile; fileRef = 65715008191482880034009A /* Green-button-@2x.png */; };
		65715019191482880034009A /* Lined-Paper-@2x.png in Resources */ = {isa = PBXBuildFile; fileRef = 65715009191482880034009A /* Lined-Paper-@2x.png */; };
		6571501A191482880034009A /* logo---copy@2x.png in Resources */ = {isa = PBXBuildFile; fileRef = 6571500A191482880034009A /* logo---copy@2x.png */; };
		6571501B191482880034009A /* mind-set-blue-@2x.png in Resources */ = {isa = PBXBuildFile; fileRef = 6571500B191482880034009A /* mind-set-blue-@2x.png */; };
		6571501C191482880034009A /* mind-set-Green-@2x.png in Resources */ = {isa = PBXBuildFile; fileRef = 6571500C191482880034009A /* mind-set-Green-@2x.png */; };
		6571501D191482880034009A /* red-arrow-1-@2x.png in Resources */ = {isa = PBXBuildFile; fileRef = 6571500D191482880034009A /* red-arrow-1-@2x.png */; };
		6571501E191482880034009A /* Red-arrow-2-@2x.png in Resources */ = {isa = PBXBuildFile; fileRef = 6571500E191482880034009A /* Red-arrow-2-@2x.png */; };
		6571501F191482880034009A /* round-about-blue-2-@2x.png in Resources */ = {isa = PBXBuildFile; fileRef = 6571500F191482880034009A /* round-about-blue-2-@2x.png */; };
		65715020191482880034009A /* Round-about-blue-@2x.png in Resources */ = {isa = PBXBuildFile; fileRef = 65715010191482880034009A /* Round-about-blue-@2x.png */; };
		65BFF070190F4CF90087511B /* HACollectionViewSmallLayout.m in Sources */ = {isa = PBXBuildFile; fileRef = 65BFF06D190F4CF90087511B /* HACollectionViewSmallLayout.m */; };
		65BFF071190F4CF90087511B /* HACollectionViewLargeLayout.m in Sources */ = {isa = PBXBuildFile; fileRef = 65BFF06F190F4CF90087511B /* HACollectionViewLargeLayout.m */; };
		65BFF076190F511E0087511B /* HATransitionController.m in Sources */ = {isa = PBXBuildFile; fileRef = 65BFF073190F511E0087511B /* HATransitionController.m */; };
		65BFF077190F511E0087511B /* HATransitionLayout.m in Sources */ = {isa = PBXBuildFile; fileRef = 65BFF075190F511E0087511B /* HATransitionLayout.m */; };
		65BFF07A190F52A70087511B /* HAPaperCollectionViewController.m in Sources */ = {isa = PBXBuildFile; fileRef = 65BFF079190F52A70087511B /* HAPaperCollectionViewController.m */; };
		A5376A2818ED073C000C6BD8 /* Parse.framework in Frameworks */ = {isa = PBXBuildFile; fileRef = A5376A2718ED073C000C6BD8 /* Parse.framework */; };
		A54B6B1819279F6B000AA8D7 /* Data.plist in Resources */ = {isa = PBXBuildFile; fileRef = A54B6B1719279F6B000AA8D7 /* Data.plist */; };
		A5BBB2B8192A1EB000724639 /* PickDesiredGradeController.m in Sources */ = {isa = PBXBuildFile; fileRef = A5BBB2B7192A1EB000724639 /* PickDesiredGradeController.m */; };
		A5C08C771939719F00887F83 /* FinalGradeViewController.m in Sources */ = {isa = PBXBuildFile; fileRef = A5C08C761939719F00887F83 /* FinalGradeViewController.m */; };
		A5C08C7B193977D600887F83 /* MyDesiredGradeViewController.m in Sources */ = {isa = PBXBuildFile; fileRef = A5C08C7A193977D600887F83 /* MyDesiredGradeViewController.m */; };
		A5C08C7F193B650300887F83 /* Model.xcdatamodeld in Sources */ = {isa = PBXBuildFile; fileRef = A5C08C7D193B650300887F83 /* Model.xcdatamodeld */; };
		A5C08C85193B6B0900887F83 /* Answers.m in Sources */ = {isa = PBXBuildFile; fileRef = A5C08C84193B6B0900887F83 /* Answers.m */; };
		A5E85E291927B19700AAA4B6 /* GradeCell.m in Sources */ = {isa = PBXBuildFile; fileRef = A5E85E281927B19700AAA4B6 /* GradeCell.m */; };
		A5E85E2B1927B1B500AAA4B6 /* GradeCell.xib in Resources */ = {isa = PBXBuildFile; fileRef = A5E85E2A1927B1B500AAA4B6 /* GradeCell.xib */; };
		A5E85E2E1927B81100AAA4B6 /* Grade.m in Sources */ = {isa = PBXBuildFile; fileRef = A5E85E2D1927B81100AAA4B6 /* Grade.m */; };
		E336CAD8806747469A293CAB /* libPods.a in Frameworks */ = {isa = PBXBuildFile; fileRef = A960DAF569C04584853BD49B /* libPods.a */; };
/* End PBXBuildFile section */

/* Begin PBXContainerItemProxy section */
		655EC62B18DF5FE20036515F /* PBXContainerItemProxy */ = {
			isa = PBXContainerItemProxy;
			containerPortal = 655EC5FD18DF5FE20036515F /* Project object */;
			proxyType = 1;
			remoteGlobalIDString = 655EC60418DF5FE20036515F;
			remoteInfo = "life-grade";
		};
/* End PBXContainerItemProxy section */

/* Begin PBXFileReference section */
		01B288485E7041259E32B3EF /* Pods.xcconfig */ = {isa = PBXFileReference; includeInIndex = 1; lastKnownFileType = text.xcconfig; name = Pods.xcconfig; path = Pods/Pods.xcconfig; sourceTree = "<group>"; };
		65004BA418E7110100749A82 /* SWRevealViewController.h */ = {isa = PBXFileReference; fileEncoding = 4; lastKnownFileType = sourcecode.c.h; path = SWRevealViewController.h; sourceTree = "<group>"; };
		65004BA518E7110100749A82 /* SWRevealViewController.m */ = {isa = PBXFileReference; fileEncoding = 4; lastKnownFileType = sourcecode.c.objc; path = SWRevealViewController.m; sourceTree = "<group>"; };
		6520A6311909FDD5006FD28C /* SignupViewController.h */ = {isa = PBXFileReference; fileEncoding = 4; lastKnownFileType = sourcecode.c.h; path = SignupViewController.h; sourceTree = "<group>"; };
		6520A6321909FDD5006FD28C /* SignupViewController.m */ = {isa = PBXFileReference; fileEncoding = 4; lastKnownFileType = sourcecode.c.objc; path = SignupViewController.m; sourceTree = "<group>"; };
		6520A634190A8B56006FD28C /* CoreData.framework */ = {isa = PBXFileReference; lastKnownFileType = wrapper.framework; name = CoreData.framework; path = System/Library/Frameworks/CoreData.framework; sourceTree = SDKROOT; };
		6533F55318E190360017C7D6 /* CollectionCell.xib */ = {isa = PBXFileReference; fileEncoding = 4; lastKnownFileType = file.xib; path = CollectionCell.xib; sourceTree = "<group>"; };
		6533F55418E190360017C7D6 /* CoverFlowLayout.h */ = {isa = PBXFileReference; fileEncoding = 4; lastKnownFileType = sourcecode.c.h; path = CoverFlowLayout.h; sourceTree = "<group>"; };
		6533F55518E190360017C7D6 /* CoverFlowLayout.m */ = {isa = PBXFileReference; fileEncoding = 4; lastKnownFileType = sourcecode.c.objc; path = CoverFlowLayout.m; sourceTree = "<group>"; };
		6533F55818E190560017C7D6 /* CollectionCell.h */ = {isa = PBXFileReference; fileEncoding = 4; lastKnownFileType = sourcecode.c.h; path = CollectionCell.h; sourceTree = "<group>"; };
		6533F55918E190560017C7D6 /* CollectionCell.m */ = {isa = PBXFileReference; fileEncoding = 4; lastKnownFileType = sourcecode.c.objc; path = CollectionCell.m; sourceTree = "<group>"; };
		6533F55B18E190630017C7D6 /* DesiredGradeViewController.h */ = {isa = PBXFileReference; fileEncoding = 4; lastKnownFileType = sourcecode.c.h; path = DesiredGradeViewController.h; sourceTree = "<group>"; };
		6533F55C18E190630017C7D6 /* DesiredGradeViewController.m */ = {isa = PBXFileReference; fileEncoding = 4; lastKnownFileType = sourcecode.c.objc; path = DesiredGradeViewController.m; sourceTree = "<group>"; };
		6533F55D18E190630017C7D6 /* DesiredGradeViewController.xib */ = {isa = PBXFileReference; fileEncoding = 4; lastKnownFileType = file.xib; path = DesiredGradeViewController.xib; sourceTree = "<group>"; };
		6533F56818E194810017C7D6 /* QuestionView.h */ = {isa = PBXFileReference; fileEncoding = 4; lastKnownFileType = sourcecode.c.h; path = QuestionView.h; sourceTree = "<group>"; };
		6533F56918E194810017C7D6 /* QuestionView.m */ = {isa = PBXFileReference; fileEncoding = 4; lastKnownFileType = sourcecode.c.objc; path = QuestionView.m; sourceTree = "<group>"; };
		6533F56E18E195700017C7D6 /* Question.h */ = {isa = PBXFileReference; fileEncoding = 4; lastKnownFileType = sourcecode.c.h; path = Question.h; sourceTree = "<group>"; };
		6533F56F18E195700017C7D6 /* Question.m */ = {isa = PBXFileReference; fileEncoding = 4; lastKnownFileType = sourcecode.c.objc; path = Question.m; sourceTree = "<group>"; };
		6533F57118E4F19E0017C7D6 /* SimpleCoverFlowLayout.h */ = {isa = PBXFileReference; fileEncoding = 4; lastKnownFileType = sourcecode.c.h; path = SimpleCoverFlowLayout.h; sourceTree = "<group>"; };
		6533F57218E4F19E0017C7D6 /* SimpleCoverFlowLayout.m */ = {isa = PBXFileReference; fileEncoding = 4; lastKnownFileType = sourcecode.c.objc; path = SimpleCoverFlowLayout.m; sourceTree = "<group>"; };
		655EC60518DF5FE20036515F /* life-grade.app */ = {isa = PBXFileReference; explicitFileType = wrapper.application; includeInIndex = 0; path = "life-grade.app"; sourceTree = BUILT_PRODUCTS_DIR; };
		655EC60818DF5FE20036515F /* Foundation.framework */ = {isa = PBXFileReference; lastKnownFileType = wrapper.framework; name = Foundation.framework; path = System/Library/Frameworks/Foundation.framework; sourceTree = SDKROOT; };
		655EC60A18DF5FE20036515F /* CoreGraphics.framework */ = {isa = PBXFileReference; lastKnownFileType = wrapper.framework; name = CoreGraphics.framework; path = System/Library/Frameworks/CoreGraphics.framework; sourceTree = SDKROOT; };
		655EC60C18DF5FE20036515F /* UIKit.framework */ = {isa = PBXFileReference; lastKnownFileType = wrapper.framework; name = UIKit.framework; path = System/Library/Frameworks/UIKit.framework; sourceTree = SDKROOT; };
		655EC61018DF5FE20036515F /* life-grade-Info.plist */ = {isa = PBXFileReference; lastKnownFileType = text.plist.xml; path = "life-grade-Info.plist"; sourceTree = "<group>"; };
		655EC61218DF5FE20036515F /* en */ = {isa = PBXFileReference; lastKnownFileType = text.plist.strings; name = en; path = en.lproj/InfoPlist.strings; sourceTree = "<group>"; };
		655EC61418DF5FE20036515F /* main.m */ = {isa = PBXFileReference; lastKnownFileType = sourcecode.c.objc; path = main.m; sourceTree = "<group>"; };
		655EC61618DF5FE20036515F /* life-grade-Prefix.pch */ = {isa = PBXFileReference; lastKnownFileType = sourcecode.c.h; path = "life-grade-Prefix.pch"; sourceTree = "<group>"; };
		655EC61718DF5FE20036515F /* MainAppDelegate.h */ = {isa = PBXFileReference; lastKnownFileType = sourcecode.c.h; path = MainAppDelegate.h; sourceTree = "<group>"; };
		655EC61818DF5FE20036515F /* MainAppDelegate.m */ = {isa = PBXFileReference; lastKnownFileType = sourcecode.c.objc; path = MainAppDelegate.m; sourceTree = "<group>"; };
		655EC61B18DF5FE20036515F /* Base */ = {isa = PBXFileReference; lastKnownFileType = file.storyboard; name = Base; path = Base.lproj/Main.storyboard; sourceTree = "<group>"; };
		655EC62018DF5FE20036515F /* Images.xcassets */ = {isa = PBXFileReference; lastKnownFileType = folder.assetcatalog; path = Images.xcassets; sourceTree = "<group>"; };
		655EC62618DF5FE20036515F /* life-gradeTests.xctest */ = {isa = PBXFileReference; explicitFileType = wrapper.cfbundle; includeInIndex = 0; path = "life-gradeTests.xctest"; sourceTree = BUILT_PRODUCTS_DIR; };
		655EC62718DF5FE20036515F /* XCTest.framework */ = {isa = PBXFileReference; lastKnownFileType = wrapper.framework; name = XCTest.framework; path = Library/Frameworks/XCTest.framework; sourceTree = DEVELOPER_DIR; };
		655EC62F18DF5FE20036515F /* life-gradeTests-Info.plist */ = {isa = PBXFileReference; lastKnownFileType = text.plist.xml; path = "life-gradeTests-Info.plist"; sourceTree = "<group>"; };
		655EC63118DF5FE20036515F /* en */ = {isa = PBXFileReference; lastKnownFileType = text.plist.strings; name = en; path = en.lproj/InfoPlist.strings; sourceTree = "<group>"; };
		655EC63318DF5FE20036515F /* life_gradeTests.m */ = {isa = PBXFileReference; lastKnownFileType = sourcecode.c.objc; path = life_gradeTests.m; sourceTree = "<group>"; };
		655EC63F18DF62550036515F /* MenuViewController.h */ = {isa = PBXFileReference; fileEncoding = 4; lastKnownFileType = sourcecode.c.h; path = MenuViewController.h; sourceTree = "<group>"; };
		655EC64018DF62550036515F /* MenuViewController.m */ = {isa = PBXFileReference; fileEncoding = 4; lastKnownFileType = sourcecode.c.objc; path = MenuViewController.m; sourceTree = "<group>"; };
		655EC64118DF62550036515F /* MenuViewController.xib */ = {isa = PBXFileReference; fileEncoding = 4; lastKnownFileType = file.xib; path = MenuViewController.xib; sourceTree = "<group>"; };
		655EC64418DF626E0036515F /* OpeningViewController.h */ = {isa = PBXFileReference; fileEncoding = 4; lastKnownFileType = sourcecode.c.h; path = OpeningViewController.h; sourceTree = "<group>"; };
		655EC64518DF626E0036515F /* OpeningViewController.m */ = {isa = PBXFileReference; fileEncoding = 4; lastKnownFileType = sourcecode.c.objc; path = OpeningViewController.m; sourceTree = "<group>"; };
		655EC64618DF626E0036515F /* OpeningViewController.xib */ = {isa = PBXFileReference; fileEncoding = 4; lastKnownFileType = file.xib; path = OpeningViewController.xib; sourceTree = "<group>"; };
		65714FF9191475080034009A /* HAViewController.h */ = {isa = PBXFileReference; fileEncoding = 4; lastKnownFileType = sourcecode.c.h; path = HAViewController.h; sourceTree = "<group>"; };
		65714FFA191475080034009A /* HAViewController.m */ = {isa = PBXFileReference; fileEncoding = 4; lastKnownFileType = sourcecode.c.objc; path = HAViewController.m; sourceTree = "<group>"; };
		65714FFB191475080034009A /* HASmallCollectionViewController.h */ = {isa = PBXFileReference; fileEncoding = 4; lastKnownFileType = sourcecode.c.h; path = HASmallCollectionViewController.h; sourceTree = "<group>"; };
		65714FFC191475080034009A /* HASmallCollectionViewController.m */ = {isa = PBXFileReference; fileEncoding = 4; lastKnownFileType = sourcecode.c.objc; path = HASmallCollectionViewController.m; sourceTree = "<group>"; };
		65715001191482880034009A /* blue-arrow--@2x.png */ = {isa = PBXFileReference; lastKnownFileType = image.png; path = "blue-arrow--@2x.png"; sourceTree = "<group>"; };
		65715002191482880034009A /* Blue-box-2-@2x.png */ = {isa = PBXFileReference; lastKnownFileType = image.png; path = "Blue-box-2-@2x.png"; sourceTree = "<group>"; };
		65715003191482880034009A /* blue-box-3-@2x.png */ = {isa = PBXFileReference; lastKnownFileType = image.png; path = "blue-box-3-@2x.png"; sourceTree = "<group>"; };
		65715004191482880034009A /* Dotted-like-2-@2x.png */ = {isa = PBXFileReference; lastKnownFileType = image.png; path = "Dotted-like-2-@2x.png"; sourceTree = "<group>"; };
		65715005191482880034009A /* Dotted-line-1-@2x.png */ = {isa = PBXFileReference; lastKnownFileType = image.png; path = "Dotted-line-1-@2x.png"; sourceTree = "<group>"; };
		65715006191482880034009A /* empty-Black-box-@2x.png */ = {isa = PBXFileReference; lastKnownFileType = image.png; path = "empty-Black-box-@2x.png"; sourceTree = "<group>"; };
		65715007191482880034009A /* empty-Blue-box-@2x.png */ = {isa = PBXFileReference; lastKnownFileType = image.png; path = "empty-Blue-box-@2x.png"; sourceTree = "<group>"; };
		65715008191482880034009A /* Green-button-@2x.png */ = {isa = PBXFileReference; lastKnownFileType = image.png; path = "Green-button-@2x.png"; sourceTree = "<group>"; };
		65715009191482880034009A /* Lined-Paper-@2x.png */ = {isa = PBXFileReference; lastKnownFileType = image.png; path = "Lined-Paper-@2x.png"; sourceTree = "<group>"; };
		6571500A191482880034009A /* logo---copy@2x.png */ = {isa = PBXFileReference; lastKnownFileType = image.png; path = "logo---copy@2x.png"; sourceTree = "<group>"; };
		6571500B191482880034009A /* mind-set-blue-@2x.png */ = {isa = PBXFileReference; lastKnownFileType = image.png; path = "mind-set-blue-@2x.png"; sourceTree = "<group>"; };
		6571500C191482880034009A /* mind-set-Green-@2x.png */ = {isa = PBXFileReference; lastKnownFileType = image.png; path = "mind-set-Green-@2x.png"; sourceTree = "<group>"; };
		6571500D191482880034009A /* red-arrow-1-@2x.png */ = {isa = PBXFileReference; lastKnownFileType = image.png; path = "red-arrow-1-@2x.png"; sourceTree = "<group>"; };
		6571500E191482880034009A /* Red-arrow-2-@2x.png */ = {isa = PBXFileReference; lastKnownFileType = image.png; path = "Red-arrow-2-@2x.png"; sourceTree = "<group>"; };
		6571500F191482880034009A /* round-about-blue-2-@2x.png */ = {isa = PBXFileReference; lastKnownFileType = image.png; path = "round-about-blue-2-@2x.png"; sourceTree = "<group>"; };
		65715010191482880034009A /* Round-about-blue-@2x.png */ = {isa = PBXFileReference; lastKnownFileType = image.png; path = "Round-about-blue-@2x.png"; sourceTree = "<group>"; };
		65BFF06C190F4CF90087511B /* HACollectionViewSmallLayout.h */ = {isa = PBXFileReference; fileEncoding = 4; lastKnownFileType = sourcecode.c.h; path = HACollectionViewSmallLayout.h; sourceTree = "<group>"; };
		65BFF06D190F4CF90087511B /* HACollectionViewSmallLayout.m */ = {isa = PBXFileReference; fileEncoding = 4; lastKnownFileType = sourcecode.c.objc; path = HACollectionViewSmallLayout.m; sourceTree = "<group>"; };
		65BFF06E190F4CF90087511B /* HACollectionViewLargeLayout.h */ = {isa = PBXFileReference; fileEncoding = 4; lastKnownFileType = sourcecode.c.h; path = HACollectionViewLargeLayout.h; sourceTree = "<group>"; };
		65BFF06F190F4CF90087511B /* HACollectionViewLargeLayout.m */ = {isa = PBXFileReference; fileEncoding = 4; lastKnownFileType = sourcecode.c.objc; path = HACollectionViewLargeLayout.m; sourceTree = "<group>"; };
		65BFF072190F511E0087511B /* HATransitionController.h */ = {isa = PBXFileReference; fileEncoding = 4; lastKnownFileType = sourcecode.c.h; path = HATransitionController.h; sourceTree = "<group>"; };
		65BFF073190F511E0087511B /* HATransitionController.m */ = {isa = PBXFileReference; fileEncoding = 4; lastKnownFileType = sourcecode.c.objc; path = HATransitionController.m; sourceTree = "<group>"; };
		65BFF074190F511E0087511B /* HATransitionLayout.h */ = {isa = PBXFileReference; fileEncoding = 4; lastKnownFileType = sourcecode.c.h; path = HATransitionLayout.h; sourceTree = "<group>"; };
		65BFF075190F511E0087511B /* HATransitionLayout.m */ = {isa = PBXFileReference; fileEncoding = 4; lastKnownFileType = sourcecode.c.objc; path = HATransitionLayout.m; sourceTree = "<group>"; };
		65BFF078190F52A70087511B /* HAPaperCollectionViewController.h */ = {isa = PBXFileReference; fileEncoding = 4; lastKnownFileType = sourcecode.c.h; path = HAPaperCollectionViewController.h; sourceTree = "<group>"; };
		65BFF079190F52A70087511B /* HAPaperCollectionViewController.m */ = {isa = PBXFileReference; fileEncoding = 4; lastKnownFileType = sourcecode.c.objc; path = HAPaperCollectionViewController.m; sourceTree = "<group>"; };
		A5376A2718ED073C000C6BD8 /* Parse.framework */ = {isa = PBXFileReference; lastKnownFileType = wrapper.framework; path = Parse.framework; sourceTree = "<group>"; };
		A54B6B1719279F6B000AA8D7 /* Data.plist */ = {isa = PBXFileReference; fileEncoding = 4; lastKnownFileType = text.plist.xml; path = Data.plist; sourceTree = "<group>"; };
		A5BBB2B6192A1EB000724639 /* PickDesiredGradeController.h */ = {isa = PBXFileReference; fileEncoding = 4; lastKnownFileType = sourcecode.c.h; path = PickDesiredGradeController.h; sourceTree = "<group>"; };
		A5BBB2B7192A1EB000724639 /* PickDesiredGradeController.m */ = {isa = PBXFileReference; fileEncoding = 4; lastKnownFileType = sourcecode.c.objc; path = PickDesiredGradeController.m; sourceTree = "<group>"; };
		A5C08C751939719F00887F83 /* FinalGradeViewController.h */ = {isa = PBXFileReference; fileEncoding = 4; lastKnownFileType = sourcecode.c.h; path = FinalGradeViewController.h; sourceTree = "<group>"; };
		A5C08C761939719F00887F83 /* FinalGradeViewController.m */ = {isa = PBXFileReference; fileEncoding = 4; lastKnownFileType = sourcecode.c.objc; path = FinalGradeViewController.m; sourceTree = "<group>"; };
		A5C08C79193977D600887F83 /* MyDesiredGradeViewController.h */ = {isa = PBXFileReference; fileEncoding = 4; lastKnownFileType = sourcecode.c.h; path = MyDesiredGradeViewController.h; sourceTree = "<group>"; };
		A5C08C7A193977D600887F83 /* MyDesiredGradeViewController.m */ = {isa = PBXFileReference; fileEncoding = 4; lastKnownFileType = sourcecode.c.objc; path = MyDesiredGradeViewController.m; sourceTree = "<group>"; };
		A5C08C7E193B650300887F83 /* Model.xcdatamodel */ = {isa = PBXFileReference; lastKnownFileType = wrapper.xcdatamodel; path = Model.xcdatamodel; sourceTree = "<group>"; };
		A5C08C83193B6B0900887F83 /* Answers.h */ = {isa = PBXFileReference; fileEncoding = 4; lastKnownFileType = sourcecode.c.h; path = Answers.h; sourceTree = "<group>"; };
		A5C08C84193B6B0900887F83 /* Answers.m */ = {isa = PBXFileReference; fileEncoding = 4; lastKnownFileType = sourcecode.c.objc; path = Answers.m; sourceTree = "<group>"; };
		A5E85E271927B19700AAA4B6 /* GradeCell.h */ = {isa = PBXFileReference; fileEncoding = 4; lastKnownFileType = sourcecode.c.h; path = GradeCell.h; sourceTree = "<group>"; };
		A5E85E281927B19700AAA4B6 /* GradeCell.m */ = {isa = PBXFileReference; fileEncoding = 4; lastKnownFileType = sourcecode.c.objc; path = GradeCell.m; sourceTree = "<group>"; };
		A5E85E2A1927B1B500AAA4B6 /* GradeCell.xib */ = {isa = PBXFileReference; fileEncoding = 4; lastKnownFileType = file.xib; path = GradeCell.xib; sourceTree = "<group>"; };
		A5E85E2C1927B81100AAA4B6 /* Grade.h */ = {isa = PBXFileReference; fileEncoding = 4; lastKnownFileType = sourcecode.c.h; path = Grade.h; sourceTree = "<group>"; };
		A5E85E2D1927B81100AAA4B6 /* Grade.m */ = {isa = PBXFileReference; fileEncoding = 4; lastKnownFileType = sourcecode.c.objc; path = Grade.m; sourceTree = "<group>"; };
		A960DAF569C04584853BD49B /* libPods.a */ = {isa = PBXFileReference; explicitFileType = archive.ar; includeInIndex = 0; path = libPods.a; sourceTree = BUILT_PRODUCTS_DIR; };
/* End PBXFileReference section */

/* Begin PBXFrameworksBuildPhase section */
		655EC60218DF5FE20036515F /* Frameworks */ = {
			isa = PBXFrameworksBuildPhase;
			buildActionMask = 2147483647;
			files = (
				6520A635190A8B56006FD28C /* CoreData.framework in Frameworks */,
				655EC60B18DF5FE20036515F /* CoreGraphics.framework in Frameworks */,
				655EC60D18DF5FE20036515F /* UIKit.framework in Frameworks */,
				655EC60918DF5FE20036515F /* Foundation.framework in Frameworks */,
				E336CAD8806747469A293CAB /* libPods.a in Frameworks */,
				A5376A2818ED073C000C6BD8 /* Parse.framework in Frameworks */,
			);
			runOnlyForDeploymentPostprocessing = 0;
		};
		655EC62318DF5FE20036515F /* Frameworks */ = {
			isa = PBXFrameworksBuildPhase;
			buildActionMask = 2147483647;
			files = (
				655EC62818DF5FE20036515F /* XCTest.framework in Frameworks */,
				655EC62A18DF5FE20036515F /* UIKit.framework in Frameworks */,
				655EC62918DF5FE20036515F /* Foundation.framework in Frameworks */,
			);
			runOnlyForDeploymentPostprocessing = 0;
		};
/* End PBXFrameworksBuildPhase section */

/* Begin PBXGroup section */
		655EC5FC18DF5FE20036515F = {
			isa = PBXGroup;
			children = (
				A5376A2718ED073C000C6BD8 /* Parse.framework */,
				655EC60E18DF5FE20036515F /* life-grade */,
				655EC62D18DF5FE20036515F /* life-gradeTests */,
				655EC60718DF5FE20036515F /* Frameworks */,
				655EC60618DF5FE20036515F /* Products */,
				01B288485E7041259E32B3EF /* Pods.xcconfig */,
			);
			sourceTree = "<group>";
		};
		655EC60618DF5FE20036515F /* Products */ = {
			isa = PBXGroup;
			children = (
				655EC60518DF5FE20036515F /* life-grade.app */,
				655EC62618DF5FE20036515F /* life-gradeTests.xctest */,
			);
			name = Products;
			sourceTree = "<group>";
		};
		655EC60718DF5FE20036515F /* Frameworks */ = {
			isa = PBXGroup;
			children = (
				6520A634190A8B56006FD28C /* CoreData.framework */,
				655EC60818DF5FE20036515F /* Foundation.framework */,
				655EC60A18DF5FE20036515F /* CoreGraphics.framework */,
				655EC60C18DF5FE20036515F /* UIKit.framework */,
				655EC62718DF5FE20036515F /* XCTest.framework */,
				A960DAF569C04584853BD49B /* libPods.a */,
			);
			name = Frameworks;
			sourceTree = "<group>";
		};
		655EC60E18DF5FE20036515F /* life-grade */ = {
			isa = PBXGroup;
			children = (
				A5C08C7C193B64EB00887F83 /* CoreData */,
				A5C08C781939778A00887F83 /* DesiredGrade */,
				A54B6B1619279F4E000AA8D7 /* Data */,
				65714FFF191482700034009A /* Resources */,
				65BFF06B190F4CE70087511B /* HAPaper */,
				65004BA418E7110100749A82 /* SWRevealViewController.h */,
				65004BA518E7110100749A82 /* SWRevealViewController.m */,
				655EC61718DF5FE20036515F /* MainAppDelegate.h */,
				655EC61818DF5FE20036515F /* MainAppDelegate.m */,
				655EC61A18DF5FE20036515F /* Main.storyboard */,
				655EC62018DF5FE20036515F /* Images.xcassets */,
				655EC60F18DF5FE20036515F /* Supporting Files */,
				655EC63F18DF62550036515F /* MenuViewController.h */,
				655EC64018DF62550036515F /* MenuViewController.m */,
				655EC64118DF62550036515F /* MenuViewController.xib */,
				655EC64418DF626E0036515F /* OpeningViewController.h */,
				655EC64518DF626E0036515F /* OpeningViewController.m */,
				655EC64618DF626E0036515F /* OpeningViewController.xib */,
				6533F55418E190360017C7D6 /* CoverFlowLayout.h */,
				6533F55518E190360017C7D6 /* CoverFlowLayout.m */,
				6533F55B18E190630017C7D6 /* DesiredGradeViewController.h */,
				6533F55C18E190630017C7D6 /* DesiredGradeViewController.m */,
				6533F55D18E190630017C7D6 /* DesiredGradeViewController.xib */,
				6533F56818E194810017C7D6 /* QuestionView.h */,
				6533F56918E194810017C7D6 /* QuestionView.m */,
				A5E85E271927B19700AAA4B6 /* GradeCell.h */,
				A5E85E281927B19700AAA4B6 /* GradeCell.m */,
				A5E85E2A1927B1B500AAA4B6 /* GradeCell.xib */,
				6533F55318E190360017C7D6 /* CollectionCell.xib */,
				6533F55818E190560017C7D6 /* CollectionCell.h */,
				6533F55918E190560017C7D6 /* CollectionCell.m */,
				6533F56E18E195700017C7D6 /* Question.h */,
				6533F56F18E195700017C7D6 /* Question.m */,
				6533F57118E4F19E0017C7D6 /* SimpleCoverFlowLayout.h */,
				6533F57218E4F19E0017C7D6 /* SimpleCoverFlowLayout.m */,
				6520A6311909FDD5006FD28C /* SignupViewController.h */,
				6520A6321909FDD5006FD28C /* SignupViewController.m */,
				A5E85E2C1927B81100AAA4B6 /* Grade.h */,
				A5E85E2D1927B81100AAA4B6 /* Grade.m */,
				A5BBB2B6192A1EB000724639 /* PickDesiredGradeController.h */,
				A5BBB2B7192A1EB000724639 /* PickDesiredGradeController.m */,
				A5C08C751939719F00887F83 /* FinalGradeViewController.h */,
				A5C08C761939719F00887F83 /* FinalGradeViewController.m */,
			);
			path = "life-grade";
			sourceTree = "<group>";
		};
		655EC60F18DF5FE20036515F /* Supporting Files */ = {
			isa = PBXGroup;
			children = (
				655EC61018DF5FE20036515F /* life-grade-Info.plist */,
				655EC61118DF5FE20036515F /* InfoPlist.strings */,
				655EC61418DF5FE20036515F /* main.m */,
				655EC61618DF5FE20036515F /* life-grade-Prefix.pch */,
			);
			name = "Supporting Files";
			sourceTree = "<group>";
		};
		655EC62D18DF5FE20036515F /* life-gradeTests */ = {
			isa = PBXGroup;
			children = (
				655EC63318DF5FE20036515F /* life_gradeTests.m */,
				655EC62E18DF5FE20036515F /* Supporting Files */,
			);
			path = "life-gradeTests";
			sourceTree = "<group>";
		};
		655EC62E18DF5FE20036515F /* Supporting Files */ = {
			isa = PBXGroup;
			children = (
				655EC62F18DF5FE20036515F /* life-gradeTests-Info.plist */,
				655EC63018DF5FE20036515F /* InfoPlist.strings */,
			);
			name = "Supporting Files";
			sourceTree = "<group>";
		};
		65714FFF191482700034009A /* Resources */ = {
			isa = PBXGroup;
			children = (
				65715000191482880034009A /* Iphone assets-2 */,
			);
			name = Resources;
			sourceTree = "<group>";
		};
		65715000191482880034009A /* Iphone assets-2 */ = {
			isa = PBXGroup;
			children = (
				65715001191482880034009A /* blue-arrow--@2x.png */,
				65715002191482880034009A /* Blue-box-2-@2x.png */,
				65715003191482880034009A /* blue-box-3-@2x.png */,
				65715004191482880034009A /* Dotted-like-2-@2x.png */,
				65715005191482880034009A /* Dotted-line-1-@2x.png */,
				65715006191482880034009A /* empty-Black-box-@2x.png */,
				65715007191482880034009A /* empty-Blue-box-@2x.png */,
				65715008191482880034009A /* Green-button-@2x.png */,
				65715009191482880034009A /* Lined-Paper-@2x.png */,
				6571500A191482880034009A /* logo---copy@2x.png */,
				6571500B191482880034009A /* mind-set-blue-@2x.png */,
				6571500C191482880034009A /* mind-set-Green-@2x.png */,
				6571500D191482880034009A /* red-arrow-1-@2x.png */,
				6571500E191482880034009A /* Red-arrow-2-@2x.png */,
				6571500F191482880034009A /* round-about-blue-2-@2x.png */,
				65715010191482880034009A /* Round-about-blue-@2x.png */,
			);
			path = "Iphone assets-2";
			sourceTree = "<group>";
		};
		65BFF06B190F4CE70087511B /* HAPaper */ = {
			isa = PBXGroup;
			children = (
				65BFF06C190F4CF90087511B /* HACollectionViewSmallLayout.h */,
				65BFF06D190F4CF90087511B /* HACollectionViewSmallLayout.m */,
				65BFF06E190F4CF90087511B /* HACollectionViewLargeLayout.h */,
				65BFF06F190F4CF90087511B /* HACollectionViewLargeLayout.m */,
				65BFF072190F511E0087511B /* HATransitionController.h */,
				65BFF073190F511E0087511B /* HATransitionController.m */,
				65BFF074190F511E0087511B /* HATransitionLayout.h */,
				65BFF075190F511E0087511B /* HATransitionLayout.m */,
				65BFF078190F52A70087511B /* HAPaperCollectionViewController.h */,
				65BFF079190F52A70087511B /* HAPaperCollectionViewController.m */,
				65714FF9191475080034009A /* HAViewController.h */,
				65714FFA191475080034009A /* HAViewController.m */,
				65714FFB191475080034009A /* HASmallCollectionViewController.h */,
				65714FFC191475080034009A /* HASmallCollectionViewController.m */,
			);
			name = HAPaper;
			sourceTree = "<group>";
		};
		A54B6B1619279F4E000AA8D7 /* Data */ = {
			isa = PBXGroup;
			children = (
				A54B6B1719279F6B000AA8D7 /* Data.plist */,
			);
			name = Data;
			sourceTree = "<group>";
		};
		A5C08C781939778A00887F83 /* DesiredGrade */ = {
			isa = PBXGroup;
			children = (
				A5C08C79193977D600887F83 /* MyDesiredGradeViewController.h */,
				A5C08C7A193977D600887F83 /* MyDesiredGradeViewController.m */,
			);
			name = DesiredGrade;
			sourceTree = "<group>";
		};
		A5C08C7C193B64EB00887F83 /* CoreData */ = {
			isa = PBXGroup;
			children = (
				A5C08C7D193B650300887F83 /* Model.xcdatamodeld */,
				A5C08C83193B6B0900887F83 /* Answers.h */,
				A5C08C84193B6B0900887F83 /* Answers.m */,
			);
			name = CoreData;
			sourceTree = "<group>";
		};
/* End PBXGroup section */

/* Begin PBXNativeTarget section */
		655EC60418DF5FE20036515F /* life-grade */ = {
			isa = PBXNativeTarget;
			buildConfigurationList = 655EC63718DF5FE20036515F /* Build configuration list for PBXNativeTarget "life-grade" */;
			buildPhases = (
				065EABB8A58D4CCFAFC5D5EF /* Check Pods Manifest.lock */,
				655EC60118DF5FE20036515F /* Sources */,
				655EC60218DF5FE20036515F /* Frameworks */,
				655EC60318DF5FE20036515F /* Resources */,
				D881064CEB404F34B14EC1D0 /* Copy Pods Resources */,
			);
			buildRules = (
			);
			dependencies = (
			);
			name = "life-grade";
			productName = "life-grade";
			productReference = 655EC60518DF5FE20036515F /* life-grade.app */;
			productType = "com.apple.product-type.application";
		};
		655EC62518DF5FE20036515F /* life-gradeTests */ = {
			isa = PBXNativeTarget;
			buildConfigurationList = 655EC63A18DF5FE20036515F /* Build configuration list for PBXNativeTarget "life-gradeTests" */;
			buildPhases = (
				655EC62218DF5FE20036515F /* Sources */,
				655EC62318DF5FE20036515F /* Frameworks */,
				655EC62418DF5FE20036515F /* Resources */,
			);
			buildRules = (
			);
			dependencies = (
				655EC62C18DF5FE20036515F /* PBXTargetDependency */,
			);
			name = "life-gradeTests";
			productName = "life-gradeTests";
			productReference = 655EC62618DF5FE20036515F /* life-gradeTests.xctest */;
			productType = "com.apple.product-type.bundle.unit-test";
		};
/* End PBXNativeTarget section */

/* Begin PBXProject section */
		655EC5FD18DF5FE20036515F /* Project object */ = {
			isa = PBXProject;
			attributes = {
				CLASSPREFIX = Main;
				LastUpgradeCheck = 0500;
				ORGANIZATIONNAME = "scott mehus";
				TargetAttributes = {
					655EC60418DF5FE20036515F = {
						DevelopmentTeam = 4HWQ95CTCF;
					};
					655EC62518DF5FE20036515F = {
						TestTargetID = 655EC60418DF5FE20036515F;
					};
				};
			};
			buildConfigurationList = 655EC60018DF5FE20036515F /* Build configuration list for PBXProject "life-grade" */;
			compatibilityVersion = "Xcode 3.2";
			developmentRegion = English;
			hasScannedForEncodings = 0;
			knownRegions = (
				en,
				Base,
			);
			mainGroup = 655EC5FC18DF5FE20036515F;
			productRefGroup = 655EC60618DF5FE20036515F /* Products */;
			projectDirPath = "";
			projectRoot = "";
			targets = (
				655EC60418DF5FE20036515F /* life-grade */,
				655EC62518DF5FE20036515F /* life-gradeTests */,
			);
		};
/* End PBXProject section */

/* Begin PBXResourcesBuildPhase section */
		655EC60318DF5FE20036515F /* Resources */ = {
			isa = PBXResourcesBuildPhase;
			buildActionMask = 2147483647;
			files = (
				655EC64818DF626E0036515F /* OpeningViewController.xib in Resources */,
				65715012191482880034009A /* Blue-box-2-@2x.png in Resources */,
				655EC62118DF5FE20036515F /* Images.xcassets in Resources */,
				6571501B191482880034009A /* mind-set-blue-@2x.png in Resources */,
				6571501E191482880034009A /* Red-arrow-2-@2x.png in Resources */,
				65715016191482880034009A /* empty-Black-box-@2x.png in Resources */,
				A54B6B1819279F6B000AA8D7 /* Data.plist in Resources */,
				65715011191482880034009A /* blue-arrow--@2x.png in Resources */,
				65715018191482880034009A /* Green-button-@2x.png in Resources */,
				6571501F191482880034009A /* round-about-blue-2-@2x.png in Resources */,
				6571501C191482880034009A /* mind-set-Green-@2x.png in Resources */,
				65715014191482880034009A /* Dotted-like-2-@2x.png in Resources */,
				6571501A191482880034009A /* logo---copy@2x.png in Resources */,
				65715017191482880034009A /* empty-Blue-box-@2x.png in Resources */,
				65715020191482880034009A /* Round-about-blue-@2x.png in Resources */,
				655EC61318DF5FE20036515F /* InfoPlist.strings in Resources */,
				65715015191482880034009A /* Dotted-line-1-@2x.png in Resources */,
				6533F55618E190360017C7D6 /* CollectionCell.xib in Resources */,
				65715013191482880034009A /* blue-box-3-@2x.png in Resources */,
				6533F55F18E190630017C7D6 /* DesiredGradeViewController.xib in Resources */,
				655EC61C18DF5FE20036515F /* Main.storyboard in Resources */,
				65715019191482880034009A /* Lined-Paper-@2x.png in Resources */,
				A5E85E2B1927B1B500AAA4B6 /* GradeCell.xib in Resources */,
				6571501D191482880034009A /* red-arrow-1-@2x.png in Resources */,
				655EC64318DF62550036515F /* MenuViewController.xib in Resources */,
			);
			runOnlyForDeploymentPostprocessing = 0;
		};
		655EC62418DF5FE20036515F /* Resources */ = {
			isa = PBXResourcesBuildPhase;
			buildActionMask = 2147483647;
			files = (
				655EC63218DF5FE20036515F /* InfoPlist.strings in Resources */,
			);
			runOnlyForDeploymentPostprocessing = 0;
		};
/* End PBXResourcesBuildPhase section */

/* Begin PBXShellScriptBuildPhase section */
		065EABB8A58D4CCFAFC5D5EF /* Check Pods Manifest.lock */ = {
			isa = PBXShellScriptBuildPhase;
			buildActionMask = 2147483647;
			files = (
			);
			inputPaths = (
			);
			name = "Check Pods Manifest.lock";
			outputPaths = (
			);
			runOnlyForDeploymentPostprocessing = 0;
			shellPath = /bin/sh;
			shellScript = "diff \"${PODS_ROOT}/../Podfile.lock\" \"${PODS_ROOT}/Manifest.lock\" > /dev/null\nif [[ $? != 0 ]] ; then\n    cat << EOM\nerror: The sandbox is not in sync with the Podfile.lock. Run 'pod install' or update your CocoaPods installation.\nEOM\n    exit 1\nfi\n";
			showEnvVarsInLog = 0;
		};
		D881064CEB404F34B14EC1D0 /* Copy Pods Resources */ = {
			isa = PBXShellScriptBuildPhase;
			buildActionMask = 2147483647;
			files = (
			);
			inputPaths = (
			);
			name = "Copy Pods Resources";
			outputPaths = (
			);
			runOnlyForDeploymentPostprocessing = 0;
			shellPath = /bin/sh;
			shellScript = "\"${SRCROOT}/Pods/Pods-resources.sh\"\n";
			showEnvVarsInLog = 0;
		};
/* End PBXShellScriptBuildPhase section */

/* Begin PBXSourcesBuildPhase section */
		655EC60118DF5FE20036515F /* Sources */ = {
			isa = PBXSourcesBuildPhase;
			buildActionMask = 2147483647;
			files = (
				65BFF07A190F52A70087511B /* HAPaperCollectionViewController.m in Sources */,
				A5E85E291927B19700AAA4B6 /* GradeCell.m in Sources */,
				655EC61518DF5FE20036515F /* main.m in Sources */,
				65714FFD191475080034009A /* HAViewController.m in Sources */,
				6533F55E18E190630017C7D6 /* DesiredGradeViewController.m in Sources */,
				655EC64718DF626E0036515F /* OpeningViewController.m in Sources */,
				655EC61918DF5FE20036515F /* MainAppDelegate.m in Sources */,
				65BFF076190F511E0087511B /* HATransitionController.m in Sources */,
				6533F56A18E194810017C7D6 /* QuestionView.m in Sources */,
				6533F55A18E190560017C7D6 /* CollectionCell.m in Sources */,
				A5C08C771939719F00887F83 /* FinalGradeViewController.m in Sources */,
				6533F57018E195700017C7D6 /* Question.m in Sources */,
				A5BBB2B8192A1EB000724639 /* PickDesiredGradeController.m in Sources */,
				6533F57318E4F19E0017C7D6 /* SimpleCoverFlowLayout.m in Sources */,
				65BFF077190F511E0087511B /* HATransitionLayout.m in Sources */,
				A5E85E2E1927B81100AAA4B6 /* Grade.m in Sources */,
				65BFF071190F4CF90087511B /* HACollectionViewLargeLayout.m in Sources */,
				655EC64218DF62550036515F /* MenuViewController.m in Sources */,
				6533F55718E190360017C7D6 /* CoverFlowLayout.m in Sources */,
				A5C08C7B193977D600887F83 /* MyDesiredGradeViewController.m in Sources */,
				6520A6331909FDD5006FD28C /* SignupViewController.m in Sources */,
				65714FFE191475080034009A /* HASmallCollectionViewController.m in Sources */,
				A5C08C7F193B650300887F83 /* Model.xcdatamodeld in Sources */,
				65004BA618E7110100749A82 /* SWRevealViewController.m in Sources */,
				65BFF070190F4CF90087511B /* HACollectionViewSmallLayout.m in Sources */,
				A5C08C85193B6B0900887F83 /* Answers.m in Sources */,
			);
			runOnlyForDeploymentPostprocessing = 0;
		};
		655EC62218DF5FE20036515F /* Sources */ = {
			isa = PBXSourcesBuildPhase;
			buildActionMask = 2147483647;
			files = (
				655EC63418DF5FE20036515F /* life_gradeTests.m in Sources */,
			);
			runOnlyForDeploymentPostprocessing = 0;
		};
/* End PBXSourcesBuildPhase section */

/* Begin PBXTargetDependency section */
		655EC62C18DF5FE20036515F /* PBXTargetDependency */ = {
			isa = PBXTargetDependency;
			target = 655EC60418DF5FE20036515F /* life-grade */;
			targetProxy = 655EC62B18DF5FE20036515F /* PBXContainerItemProxy */;
		};
/* End PBXTargetDependency section */

/* Begin PBXVariantGroup section */
		655EC61118DF5FE20036515F /* InfoPlist.strings */ = {
			isa = PBXVariantGroup;
			children = (
				655EC61218DF5FE20036515F /* en */,
			);
			name = InfoPlist.strings;
			sourceTree = "<group>";
		};
		655EC61A18DF5FE20036515F /* Main.storyboard */ = {
			isa = PBXVariantGroup;
			children = (
				655EC61B18DF5FE20036515F /* Base */,
			);
			name = Main.storyboard;
			sourceTree = "<group>";
		};
		655EC63018DF5FE20036515F /* InfoPlist.strings */ = {
			isa = PBXVariantGroup;
			children = (
				655EC63118DF5FE20036515F /* en */,
			);
			name = InfoPlist.strings;
			sourceTree = "<group>";
		};
/* End PBXVariantGroup section */

/* Begin XCBuildConfiguration section */
		655EC63518DF5FE20036515F /* Debug */ = {
			isa = XCBuildConfiguration;
			buildSettings = {
				ALWAYS_SEARCH_USER_PATHS = NO;
				ARCHS = "$(ARCHS_STANDARD_INCLUDING_64_BIT)";
				CLANG_CXX_LANGUAGE_STANDARD = "gnu++0x";
				CLANG_CXX_LIBRARY = "libc++";
				CLANG_ENABLE_MODULES = YES;
				CLANG_ENABLE_OBJC_ARC = YES;
				CLANG_WARN_BOOL_CONVERSION = YES;
				CLANG_WARN_CONSTANT_CONVERSION = YES;
				CLANG_WARN_DIRECT_OBJC_ISA_USAGE = YES_ERROR;
				CLANG_WARN_EMPTY_BODY = YES;
				CLANG_WARN_ENUM_CONVERSION = YES;
				CLANG_WARN_INT_CONVERSION = YES;
				CLANG_WARN_OBJC_ROOT_CLASS = YES_ERROR;
				CLANG_WARN__DUPLICATE_METHOD_MATCH = YES;
				CODE_SIGN_IDENTITY = "iPhone Developer: Scott mehus (32M8ER9697)";
				"CODE_SIGN_IDENTITY[sdk=iphoneos*]" = "iPhone Developer: Scott mehus (32M8ER9697)";
				COPY_PHASE_STRIP = NO;
				GCC_C_LANGUAGE_STANDARD = gnu99;
				GCC_DYNAMIC_NO_PIC = NO;
				GCC_OPTIMIZATION_LEVEL = 0;
				GCC_PREPROCESSOR_DEFINITIONS = (
					"DEBUG=1",
					"$(inherited)",
				);
				GCC_SYMBOLS_PRIVATE_EXTERN = NO;
				GCC_WARN_64_TO_32_BIT_CONVERSION = YES;
				GCC_WARN_ABOUT_RETURN_TYPE = YES_ERROR;
				GCC_WARN_UNDECLARED_SELECTOR = YES;
				GCC_WARN_UNINITIALIZED_AUTOS = YES;
				GCC_WARN_UNUSED_FUNCTION = YES;
				GCC_WARN_UNUSED_VARIABLE = YES;
				IPHONEOS_DEPLOYMENT_TARGET = 7.0;
				ONLY_ACTIVE_ARCH = YES;
				PROVISIONING_PROFILE = "";
				SDKROOT = iphoneos;
			};
			name = Debug;
		};
		655EC63618DF5FE20036515F /* Release */ = {
			isa = XCBuildConfiguration;
			buildSettings = {
				ALWAYS_SEARCH_USER_PATHS = NO;
				ARCHS = "$(ARCHS_STANDARD_INCLUDING_64_BIT)";
				CLANG_CXX_LANGUAGE_STANDARD = "gnu++0x";
				CLANG_CXX_LIBRARY = "libc++";
				CLANG_ENABLE_MODULES = YES;
				CLANG_ENABLE_OBJC_ARC = YES;
				CLANG_WARN_BOOL_CONVERSION = YES;
				CLANG_WARN_CONSTANT_CONVERSION = YES;
				CLANG_WARN_DIRECT_OBJC_ISA_USAGE = YES_ERROR;
				CLANG_WARN_EMPTY_BODY = YES;
				CLANG_WARN_ENUM_CONVERSION = YES;
				CLANG_WARN_INT_CONVERSION = YES;
				CLANG_WARN_OBJC_ROOT_CLASS = YES_ERROR;
				CLANG_WARN__DUPLICATE_METHOD_MATCH = YES;
				CODE_SIGN_IDENTITY = "iPhone Developer: Scott mehus (32M8ER9697)";
				"CODE_SIGN_IDENTITY[sdk=iphoneos*]" = "iPhone Developer: Scott mehus (32M8ER9697)";
				COPY_PHASE_STRIP = YES;
				ENABLE_NS_ASSERTIONS = NO;
				GCC_C_LANGUAGE_STANDARD = gnu99;
				GCC_WARN_64_TO_32_BIT_CONVERSION = YES;
				GCC_WARN_ABOUT_RETURN_TYPE = YES_ERROR;
				GCC_WARN_UNDECLARED_SELECTOR = YES;
				GCC_WARN_UNINITIALIZED_AUTOS = YES;
				GCC_WARN_UNUSED_FUNCTION = YES;
				GCC_WARN_UNUSED_VARIABLE = YES;
				IPHONEOS_DEPLOYMENT_TARGET = 7.0;
				SDKROOT = iphoneos;
				VALIDATE_PRODUCT = YES;
			};
			name = Release;
		};
		655EC63818DF5FE20036515F /* Debug */ = {
			isa = XCBuildConfiguration;
			baseConfigurationReference = 01B288485E7041259E32B3EF /* Pods.xcconfig */;
			buildSettings = {
				ASSETCATALOG_COMPILER_APPICON_NAME = AppIcon;
				ASSETCATALOG_COMPILER_LAUNCHIMAGE_NAME = LaunchImage;
				CODE_SIGN_IDENTITY = "iPhone Developer";
				"CODE_SIGN_IDENTITY[sdk=iphoneos*]" = "iPhone Developer";
				FRAMEWORK_SEARCH_PATHS = (
					"$(inherited)",
					"/Users/smehus/Documents/life-grade",
					"$(PROJECT_DIR)",
				);
				GCC_PRECOMPILE_PREFIX_HEADER = YES;
				GCC_PREFIX_HEADER = "life-grade/life-grade-Prefix.pch";
				INFOPLIST_FILE = "life-grade/life-grade-Info.plist";
				PRODUCT_NAME = "$(TARGET_NAME)";
				PROVISIONING_PROFILE = "";
				WRAPPER_EXTENSION = app;
			};
			name = Debug;
		};
		655EC63918DF5FE20036515F /* Release */ = {
			isa = XCBuildConfiguration;
			baseConfigurationReference = 01B288485E7041259E32B3EF /* Pods.xcconfig */;
			buildSettings = {
				ASSETCATALOG_COMPILER_APPICON_NAME = AppIcon;
				ASSETCATALOG_COMPILER_LAUNCHIMAGE_NAME = LaunchImage;
				CODE_SIGN_IDENTITY = "iPhone Developer";
				"CODE_SIGN_IDENTITY[sdk=iphoneos*]" = "iPhone Developer";
				FRAMEWORK_SEARCH_PATHS = (
					"$(inherited)",
					"/Users/smehus/Documents/life-grade",
					"$(PROJECT_DIR)",
				);
				GCC_PRECOMPILE_PREFIX_HEADER = YES;
				GCC_PREFIX_HEADER = "life-grade/life-grade-Prefix.pch";
				INFOPLIST_FILE = "life-grade/life-grade-Info.plist";
				PRODUCT_NAME = "$(TARGET_NAME)";
				PROVISIONING_PROFILE = "";
				WRAPPER_EXTENSION = app;
			};
			name = Release;
		};
		655EC63B18DF5FE20036515F /* Debug */ = {
			isa = XCBuildConfiguration;
			buildSettings = {
				ARCHS = "$(ARCHS_STANDARD_INCLUDING_64_BIT)";
				BUNDLE_LOADER = "$(BUILT_PRODUCTS_DIR)/life-grade.app/life-grade";
				FRAMEWORK_SEARCH_PATHS = (
					"$(SDKROOT)/Developer/Library/Frameworks",
					"$(inherited)",
					"$(DEVELOPER_FRAMEWORKS_DIR)",
				);
				GCC_PRECOMPILE_PREFIX_HEADER = YES;
				GCC_PREFIX_HEADER = "life-grade/life-grade-Prefix.pch";
				GCC_PREPROCESSOR_DEFINITIONS = (
					"DEBUG=1",
					"$(inherited)",
				);
				INFOPLIST_FILE = "life-gradeTests/life-gradeTests-Info.plist";
				PRODUCT_NAME = "$(TARGET_NAME)";
				TEST_HOST = "$(BUNDLE_LOADER)";
				WRAPPER_EXTENSION = xctest;
			};
			name = Debug;
		};
		655EC63C18DF5FE20036515F /* Release */ = {
			isa = XCBuildConfiguration;
			buildSettings = {
				ARCHS = "$(ARCHS_STANDARD_INCLUDING_64_BIT)";
				BUNDLE_LOADER = "$(BUILT_PRODUCTS_DIR)/life-grade.app/life-grade";
				FRAMEWORK_SEARCH_PATHS = (
					"$(SDKROOT)/Developer/Library/Frameworks",
					"$(inherited)",
					"$(DEVELOPER_FRAMEWORKS_DIR)",
				);
				GCC_PRECOMPILE_PREFIX_HEADER = YES;
				GCC_PREFIX_HEADER = "life-grade/life-grade-Prefix.pch";
				INFOPLIST_FILE = "life-gradeTests/life-gradeTests-Info.plist";
				PRODUCT_NAME = "$(TARGET_NAME)";
				TEST_HOST = "$(BUNDLE_LOADER)";
				WRAPPER_EXTENSION = xctest;
			};
			name = Release;
		};
/* End XCBuildConfiguration section */

/* Begin XCConfigurationList section */
		655EC60018DF5FE20036515F /* Build configuration list for PBXProject "life-grade" */ = {
			isa = XCConfigurationList;
			buildConfigurations = (
				655EC63518DF5FE20036515F /* Debug */,
				655EC63618DF5FE20036515F /* Release */,
			);
			defaultConfigurationIsVisible = 0;
			defaultConfigurationName = Release;
		};
		655EC63718DF5FE20036515F /* Build configuration list for PBXNativeTarget "life-grade" */ = {
			isa = XCConfigurationList;
			buildConfigurations = (
				655EC63818DF5FE20036515F /* Debug */,
				655EC63918DF5FE20036515F /* Release */,
			);
			defaultConfigurationIsVisible = 0;
			defaultConfigurationName = Release;
		};
		655EC63A18DF5FE20036515F /* Build configuration list for PBXNativeTarget "life-gradeTests" */ = {
			isa = XCConfigurationList;
			buildConfigurations = (
				655EC63B18DF5FE20036515F /* Debug */,
				655EC63C18DF5FE20036515F /* Release */,
			);
			defaultConfigurationIsVisible = 0;
			defaultConfigurationName = Release;
		};
/* End XCConfigurationList section */

/* Begin XCVersionGroup section */
		A5C08C7D193B650300887F83 /* Model.xcdatamodeld */ = {
			isa = XCVersionGroup;
			children = (
				A5C08C7E193B650300887F83 /* Model.xcdatamodel */,
			);
			currentVersion = A5C08C7E193B650300887F83 /* Model.xcdatamodel */;
			path = Model.xcdatamodeld;
			sourceTree = "<group>";
			versionGroupType = wrapper.xcdatamodel;
		};
/* End XCVersionGroup section */
	};
	rootObject = 655EC5FD18DF5FE20036515F /* Project object */;
}
