<?xml version="1.0" encoding="UTF-8"?>
<!DOCTYPE plist PUBLIC "-//Apple//DTD PLIST 1.0//EN" "http://www.apple.com/DTDs/PropertyList-1.0.dtd">
<plist version="1.0">
<dict>
	<key>archiveVersion</key>
	<string>1</string>
	<key>classes</key>
	<dict/>
	<key>objectVersion</key>
	<string>46</string>
	<key>objects</key>
	<dict>
		<key>01B288485E7041259E32B3EF</key>
		<dict>
			<key>includeInIndex</key>
			<string>1</string>
			<key>isa</key>
			<string>PBXFileReference</string>
			<key>lastKnownFileType</key>
			<string>text.xcconfig</string>
			<key>name</key>
			<string>Pods.xcconfig</string>
			<key>path</key>
			<string>Pods/Pods.xcconfig</string>
			<key>sourceTree</key>
			<string>&lt;group&gt;</string>
		</dict>
		<key>065EABB8A58D4CCFAFC5D5EF</key>
		<dict>
			<key>buildActionMask</key>
			<string>2147483647</string>
			<key>files</key>
			<array/>
			<key>inputPaths</key>
			<array/>
			<key>isa</key>
			<string>PBXShellScriptBuildPhase</string>
			<key>name</key>
			<string>Check Pods Manifest.lock</string>
			<key>outputPaths</key>
			<array/>
			<key>runOnlyForDeploymentPostprocessing</key>
			<string>0</string>
			<key>shellPath</key>
			<string>/bin/sh</string>
			<key>shellScript</key>
			<string>diff "${PODS_ROOT}/../Podfile.lock" "${PODS_ROOT}/Manifest.lock" &gt; /dev/null
if [[ $? != 0 ]] ; then
    cat &lt;&lt; EOM
error: The sandbox is not in sync with the Podfile.lock. Run 'pod install' or update your CocoaPods installation.
EOM
    exit 1
fi
</string>
			<key>showEnvVarsInLog</key>
			<string>0</string>
		</dict>
		<key>655EC5FC18DF5FE20036515F</key>
		<dict>
			<key>children</key>
			<array>
				<string>655EC63D18DF60280036515F</string>
				<string>655EC60E18DF5FE20036515F</string>
				<string>655EC62D18DF5FE20036515F</string>
				<string>655EC60718DF5FE20036515F</string>
				<string>655EC60618DF5FE20036515F</string>
				<string>01B288485E7041259E32B3EF</string>
			</array>
			<key>isa</key>
			<string>PBXGroup</string>
			<key>sourceTree</key>
			<string>&lt;group&gt;</string>
		</dict>
		<key>655EC5FD18DF5FE20036515F</key>
		<dict>
			<key>attributes</key>
			<dict>
				<key>CLASSPREFIX</key>
				<string>Main</string>
				<key>LastUpgradeCheck</key>
				<string>0500</string>
				<key>ORGANIZATIONNAME</key>
				<string>scott mehus</string>
				<key>TargetAttributes</key>
				<dict>
					<key>655EC62518DF5FE20036515F</key>
					<dict>
						<key>TestTargetID</key>
						<string>655EC60418DF5FE20036515F</string>
					</dict>
				</dict>
			</dict>
			<key>buildConfigurationList</key>
			<string>655EC60018DF5FE20036515F</string>
			<key>compatibilityVersion</key>
			<string>Xcode 3.2</string>
			<key>developmentRegion</key>
			<string>English</string>
			<key>hasScannedForEncodings</key>
			<string>0</string>
			<key>isa</key>
			<string>PBXProject</string>
			<key>knownRegions</key>
			<array>
				<string>en</string>
				<string>Base</string>
			</array>
			<key>mainGroup</key>
			<string>655EC5FC18DF5FE20036515F</string>
			<key>productRefGroup</key>
			<string>655EC60618DF5FE20036515F</string>
			<key>projectDirPath</key>
			<string></string>
			<key>projectReferences</key>
			<array/>
			<key>projectRoot</key>
			<string></string>
			<key>targets</key>
			<array>
				<string>655EC60418DF5FE20036515F</string>
				<string>655EC62518DF5FE20036515F</string>
			</array>
		</dict>
		<key>655EC60018DF5FE20036515F</key>
		<dict>
			<key>buildConfigurations</key>
			<array>
				<string>655EC63518DF5FE20036515F</string>
				<string>655EC63618DF5FE20036515F</string>
			</array>
			<key>defaultConfigurationIsVisible</key>
			<string>0</string>
			<key>defaultConfigurationName</key>
			<string>Release</string>
			<key>isa</key>
			<string>XCConfigurationList</string>
		</dict>
		<key>655EC60118DF5FE20036515F</key>
		<dict>
			<key>buildActionMask</key>
			<string>2147483647</string>
			<key>files</key>
			<array>
				<string>655EC61518DF5FE20036515F</string>
				<string>655EC64718DF626E0036515F</string>
				<string>655EC64B18DF63580036515F</string>
				<string>655EC61918DF5FE20036515F</string>
				<string>655EC64218DF62550036515F</string>
			</array>
			<key>isa</key>
			<string>PBXSourcesBuildPhase</string>
			<key>runOnlyForDeploymentPostprocessing</key>
			<string>0</string>
		</dict>
		<key>655EC60218DF5FE20036515F</key>
		<dict>
			<key>buildActionMask</key>
			<string>2147483647</string>
			<key>files</key>
			<array>
				<string>655EC60B18DF5FE20036515F</string>
				<string>655EC60D18DF5FE20036515F</string>
				<string>655EC63E18DF60280036515F</string>
				<string>655EC60918DF5FE20036515F</string>
				<string>E336CAD8806747469A293CAB</string>
			</array>
			<key>isa</key>
			<string>PBXFrameworksBuildPhase</string>
			<key>runOnlyForDeploymentPostprocessing</key>
			<string>0</string>
		</dict>
		<key>655EC60318DF5FE20036515F</key>
		<dict>
			<key>buildActionMask</key>
			<string>2147483647</string>
			<key>files</key>
			<array>
				<string>655EC64818DF626E0036515F</string>
				<string>655EC62118DF5FE20036515F</string>
				<string>655EC61318DF5FE20036515F</string>
				<string>655EC61C18DF5FE20036515F</string>
				<string>655EC64318DF62550036515F</string>
			</array>
			<key>isa</key>
			<string>PBXResourcesBuildPhase</string>
			<key>runOnlyForDeploymentPostprocessing</key>
			<string>0</string>
		</dict>
		<key>655EC60418DF5FE20036515F</key>
		<dict>
			<key>buildConfigurationList</key>
			<string>655EC63718DF5FE20036515F</string>
			<key>buildPhases</key>
			<array>
				<string>065EABB8A58D4CCFAFC5D5EF</string>
				<string>655EC60118DF5FE20036515F</string>
				<string>655EC60218DF5FE20036515F</string>
				<string>655EC60318DF5FE20036515F</string>
				<string>D881064CEB404F34B14EC1D0</string>
			</array>
			<key>buildRules</key>
			<array/>
			<key>dependencies</key>
			<array/>
			<key>isa</key>
			<string>PBXNativeTarget</string>
			<key>name</key>
			<string>life-grade</string>
			<key>productName</key>
			<string>life-grade</string>
			<key>productReference</key>
			<string>655EC60518DF5FE20036515F</string>
			<key>productType</key>
			<string>com.apple.product-type.application</string>
		</dict>
		<key>655EC60518DF5FE20036515F</key>
		<dict>
			<key>explicitFileType</key>
			<string>wrapper.application</string>
			<key>includeInIndex</key>
			<string>0</string>
			<key>isa</key>
			<string>PBXFileReference</string>
			<key>path</key>
			<string>life-grade.app</string>
			<key>sourceTree</key>
			<string>BUILT_PRODUCTS_DIR</string>
		</dict>
		<key>655EC60618DF5FE20036515F</key>
		<dict>
			<key>children</key>
			<array>
				<string>655EC60518DF5FE20036515F</string>
				<string>655EC62618DF5FE20036515F</string>
			</array>
			<key>isa</key>
			<string>PBXGroup</string>
			<key>name</key>
			<string>Products</string>
			<key>sourceTree</key>
			<string>&lt;group&gt;</string>
		</dict>
		<key>655EC60718DF5FE20036515F</key>
		<dict>
			<key>children</key>
			<array>
				<string>655EC60818DF5FE20036515F</string>
				<string>655EC60A18DF5FE20036515F</string>
				<string>655EC60C18DF5FE20036515F</string>
				<string>655EC62718DF5FE20036515F</string>
				<string>A960DAF569C04584853BD49B</string>
			</array>
			<key>isa</key>
			<string>PBXGroup</string>
			<key>name</key>
			<string>Frameworks</string>
			<key>sourceTree</key>
			<string>&lt;group&gt;</string>
		</dict>
		<key>655EC60818DF5FE20036515F</key>
		<dict>
			<key>isa</key>
			<string>PBXFileReference</string>
			<key>lastKnownFileType</key>
			<string>wrapper.framework</string>
			<key>name</key>
			<string>Foundation.framework</string>
			<key>path</key>
			<string>System/Library/Frameworks/Foundation.framework</string>
			<key>sourceTree</key>
			<string>SDKROOT</string>
		</dict>
		<key>655EC60918DF5FE20036515F</key>
		<dict>
			<key>fileRef</key>
			<string>655EC60818DF5FE20036515F</string>
			<key>isa</key>
			<string>PBXBuildFile</string>
		</dict>
		<key>655EC60A18DF5FE20036515F</key>
		<dict>
			<key>isa</key>
			<string>PBXFileReference</string>
			<key>lastKnownFileType</key>
			<string>wrapper.framework</string>
			<key>name</key>
			<string>CoreGraphics.framework</string>
			<key>path</key>
			<string>System/Library/Frameworks/CoreGraphics.framework</string>
			<key>sourceTree</key>
			<string>SDKROOT</string>
		</dict>
		<key>655EC60B18DF5FE20036515F</key>
		<dict>
			<key>fileRef</key>
			<string>655EC60A18DF5FE20036515F</string>
			<key>isa</key>
			<string>PBXBuildFile</string>
		</dict>
		<key>655EC60C18DF5FE20036515F</key>
		<dict>
			<key>isa</key>
			<string>PBXFileReference</string>
			<key>lastKnownFileType</key>
			<string>wrapper.framework</string>
			<key>name</key>
			<string>UIKit.framework</string>
			<key>path</key>
			<string>System/Library/Frameworks/UIKit.framework</string>
			<key>sourceTree</key>
			<string>SDKROOT</string>
		</dict>
		<key>655EC60D18DF5FE20036515F</key>
		<dict>
			<key>fileRef</key>
			<string>655EC60C18DF5FE20036515F</string>
			<key>isa</key>
			<string>PBXBuildFile</string>
		</dict>
		<key>655EC60E18DF5FE20036515F</key>
		<dict>
			<key>children</key>
			<array>
				<string>655EC64918DF63580036515F</string>
				<string>655EC64A18DF63580036515F</string>
				<string>655EC61718DF5FE20036515F</string>
				<string>655EC61818DF5FE20036515F</string>
				<string>655EC61A18DF5FE20036515F</string>
				<string>655EC62018DF5FE20036515F</string>
				<string>655EC60F18DF5FE20036515F</string>
				<string>655EC63F18DF62550036515F</string>
				<string>655EC64018DF62550036515F</string>
				<string>655EC64118DF62550036515F</string>
				<string>655EC64418DF626E0036515F</string>
				<string>655EC64518DF626E0036515F</string>
				<string>655EC64618DF626E0036515F</string>
			</array>
			<key>isa</key>
			<string>PBXGroup</string>
			<key>path</key>
			<string>life-grade</string>
			<key>sourceTree</key>
			<string>&lt;group&gt;</string>
		</dict>
		<key>655EC60F18DF5FE20036515F</key>
		<dict>
			<key>children</key>
			<array>
				<string>655EC61018DF5FE20036515F</string>
				<string>655EC61118DF5FE20036515F</string>
				<string>655EC61418DF5FE20036515F</string>
				<string>655EC61618DF5FE20036515F</string>
			</array>
			<key>isa</key>
			<string>PBXGroup</string>
			<key>name</key>
			<string>Supporting Files</string>
			<key>sourceTree</key>
			<string>&lt;group&gt;</string>
		</dict>
		<key>655EC61018DF5FE20036515F</key>
		<dict>
			<key>isa</key>
			<string>PBXFileReference</string>
			<key>lastKnownFileType</key>
			<string>text.plist.xml</string>
			<key>path</key>
			<string>life-grade-Info.plist</string>
			<key>sourceTree</key>
			<string>&lt;group&gt;</string>
		</dict>
		<key>655EC61118DF5FE20036515F</key>
		<dict>
			<key>children</key>
			<array>
				<string>655EC61218DF5FE20036515F</string>
			</array>
			<key>isa</key>
			<string>PBXVariantGroup</string>
			<key>name</key>
			<string>InfoPlist.strings</string>
			<key>sourceTree</key>
			<string>&lt;group&gt;</string>
		</dict>
		<key>655EC61218DF5FE20036515F</key>
		<dict>
			<key>isa</key>
			<string>PBXFileReference</string>
			<key>lastKnownFileType</key>
			<string>text.plist.strings</string>
			<key>name</key>
			<string>en</string>
			<key>path</key>
			<string>en.lproj/InfoPlist.strings</string>
			<key>sourceTree</key>
			<string>&lt;group&gt;</string>
		</dict>
		<key>655EC61318DF5FE20036515F</key>
		<dict>
			<key>fileRef</key>
			<string>655EC61118DF5FE20036515F</string>
			<key>isa</key>
			<string>PBXBuildFile</string>
		</dict>
		<key>655EC61418DF5FE20036515F</key>
		<dict>
			<key>isa</key>
			<string>PBXFileReference</string>
			<key>lastKnownFileType</key>
			<string>sourcecode.c.objc</string>
			<key>path</key>
			<string>main.m</string>
			<key>sourceTree</key>
			<string>&lt;group&gt;</string>
		</dict>
		<key>655EC61518DF5FE20036515F</key>
		<dict>
			<key>fileRef</key>
			<string>655EC61418DF5FE20036515F</string>
			<key>isa</key>
			<string>PBXBuildFile</string>
		</dict>
		<key>655EC61618DF5FE20036515F</key>
		<dict>
			<key>isa</key>
			<string>PBXFileReference</string>
			<key>lastKnownFileType</key>
			<string>sourcecode.c.h</string>
			<key>path</key>
			<string>life-grade-Prefix.pch</string>
			<key>sourceTree</key>
			<string>&lt;group&gt;</string>
		</dict>
		<key>655EC61718DF5FE20036515F</key>
		<dict>
			<key>isa</key>
			<string>PBXFileReference</string>
			<key>lastKnownFileType</key>
			<string>sourcecode.c.h</string>
			<key>path</key>
			<string>MainAppDelegate.h</string>
			<key>sourceTree</key>
			<string>&lt;group&gt;</string>
		</dict>
		<key>655EC61818DF5FE20036515F</key>
		<dict>
			<key>isa</key>
			<string>PBXFileReference</string>
			<key>lastKnownFileType</key>
			<string>sourcecode.c.objc</string>
			<key>path</key>
			<string>MainAppDelegate.m</string>
			<key>sourceTree</key>
			<string>&lt;group&gt;</string>
		</dict>
		<key>655EC61918DF5FE20036515F</key>
		<dict>
			<key>fileRef</key>
			<string>655EC61818DF5FE20036515F</string>
			<key>isa</key>
			<string>PBXBuildFile</string>
		</dict>
		<key>655EC61A18DF5FE20036515F</key>
		<dict>
			<key>children</key>
			<array>
				<string>655EC61B18DF5FE20036515F</string>
			</array>
			<key>isa</key>
			<string>PBXVariantGroup</string>
			<key>name</key>
			<string>Main.storyboard</string>
			<key>sourceTree</key>
			<string>&lt;group&gt;</string>
		</dict>
		<key>655EC61B18DF5FE20036515F</key>
		<dict>
			<key>isa</key>
			<string>PBXFileReference</string>
			<key>lastKnownFileType</key>
			<string>file.storyboard</string>
			<key>name</key>
			<string>Base</string>
			<key>path</key>
			<string>Base.lproj/Main.storyboard</string>
			<key>sourceTree</key>
			<string>&lt;group&gt;</string>
		</dict>
		<key>655EC61C18DF5FE20036515F</key>
		<dict>
			<key>fileRef</key>
			<string>655EC61A18DF5FE20036515F</string>
			<key>isa</key>
			<string>PBXBuildFile</string>
		</dict>
		<key>655EC62018DF5FE20036515F</key>
		<dict>
			<key>isa</key>
			<string>PBXFileReference</string>
			<key>lastKnownFileType</key>
			<string>folder.assetcatalog</string>
			<key>path</key>
			<string>Images.xcassets</string>
			<key>sourceTree</key>
			<string>&lt;group&gt;</string>
		</dict>
		<key>655EC62118DF5FE20036515F</key>
		<dict>
			<key>fileRef</key>
			<string>655EC62018DF5FE20036515F</string>
			<key>isa</key>
			<string>PBXBuildFile</string>
		</dict>
		<key>655EC62218DF5FE20036515F</key>
		<dict>
			<key>buildActionMask</key>
			<string>2147483647</string>
			<key>files</key>
			<array>
				<string>655EC63418DF5FE20036515F</string>
			</array>
			<key>isa</key>
			<string>PBXSourcesBuildPhase</string>
			<key>runOnlyForDeploymentPostprocessing</key>
			<string>0</string>
		</dict>
		<key>655EC62318DF5FE20036515F</key>
		<dict>
			<key>buildActionMask</key>
			<string>2147483647</string>
			<key>files</key>
			<array>
				<string>655EC62818DF5FE20036515F</string>
				<string>655EC62A18DF5FE20036515F</string>
				<string>655EC62918DF5FE20036515F</string>
			</array>
			<key>isa</key>
			<string>PBXFrameworksBuildPhase</string>
			<key>runOnlyForDeploymentPostprocessing</key>
			<string>0</string>
		</dict>
		<key>655EC62418DF5FE20036515F</key>
		<dict>
			<key>buildActionMask</key>
			<string>2147483647</string>
			<key>files</key>
			<array>
				<string>655EC63218DF5FE20036515F</string>
			</array>
			<key>isa</key>
			<string>PBXResourcesBuildPhase</string>
			<key>runOnlyForDeploymentPostprocessing</key>
			<string>0</string>
		</dict>
		<key>655EC62518DF5FE20036515F</key>
		<dict>
			<key>buildConfigurationList</key>
			<string>655EC63A18DF5FE20036515F</string>
			<key>buildPhases</key>
			<array>
				<string>655EC62218DF5FE20036515F</string>
				<string>655EC62318DF5FE20036515F</string>
				<string>655EC62418DF5FE20036515F</string>
			</array>
			<key>buildRules</key>
			<array/>
			<key>dependencies</key>
			<array>
				<string>655EC62C18DF5FE20036515F</string>
			</array>
			<key>isa</key>
			<string>PBXNativeTarget</string>
			<key>name</key>
			<string>life-gradeTests</string>
			<key>productName</key>
			<string>life-gradeTests</string>
			<key>productReference</key>
			<string>655EC62618DF5FE20036515F</string>
			<key>productType</key>
			<string>com.apple.product-type.bundle.unit-test</string>
		</dict>
		<key>655EC62618DF5FE20036515F</key>
		<dict>
			<key>explicitFileType</key>
			<string>wrapper.cfbundle</string>
			<key>includeInIndex</key>
			<string>0</string>
			<key>isa</key>
			<string>PBXFileReference</string>
			<key>path</key>
			<string>life-gradeTests.xctest</string>
			<key>sourceTree</key>
			<string>BUILT_PRODUCTS_DIR</string>
		</dict>
		<key>655EC62718DF5FE20036515F</key>
		<dict>
			<key>isa</key>
			<string>PBXFileReference</string>
			<key>lastKnownFileType</key>
			<string>wrapper.framework</string>
			<key>name</key>
			<string>XCTest.framework</string>
			<key>path</key>
			<string>Library/Frameworks/XCTest.framework</string>
			<key>sourceTree</key>
			<string>DEVELOPER_DIR</string>
		</dict>
		<key>655EC62818DF5FE20036515F</key>
		<dict>
			<key>fileRef</key>
			<string>655EC62718DF5FE20036515F</string>
			<key>isa</key>
			<string>PBXBuildFile</string>
		</dict>
		<key>655EC62918DF5FE20036515F</key>
		<dict>
			<key>fileRef</key>
			<string>655EC60818DF5FE20036515F</string>
			<key>isa</key>
			<string>PBXBuildFile</string>
		</dict>
		<key>655EC62A18DF5FE20036515F</key>
		<dict>
			<key>fileRef</key>
			<string>655EC60C18DF5FE20036515F</string>
			<key>isa</key>
			<string>PBXBuildFile</string>
		</dict>
		<key>655EC62B18DF5FE20036515F</key>
		<dict>
			<key>containerPortal</key>
			<string>655EC5FD18DF5FE20036515F</string>
			<key>isa</key>
			<string>PBXContainerItemProxy</string>
			<key>proxyType</key>
			<string>1</string>
			<key>remoteGlobalIDString</key>
			<string>655EC60418DF5FE20036515F</string>
			<key>remoteInfo</key>
			<string>life-grade</string>
		</dict>
		<key>655EC62C18DF5FE20036515F</key>
		<dict>
			<key>isa</key>
			<string>PBXTargetDependency</string>
			<key>target</key>
			<string>655EC60418DF5FE20036515F</string>
			<key>targetProxy</key>
			<string>655EC62B18DF5FE20036515F</string>
		</dict>
		<key>655EC62D18DF5FE20036515F</key>
		<dict>
			<key>children</key>
			<array>
				<string>655EC63318DF5FE20036515F</string>
				<string>655EC62E18DF5FE20036515F</string>
			</array>
			<key>isa</key>
			<string>PBXGroup</string>
			<key>path</key>
			<string>life-gradeTests</string>
			<key>sourceTree</key>
			<string>&lt;group&gt;</string>
		</dict>
		<key>655EC62E18DF5FE20036515F</key>
		<dict>
			<key>children</key>
			<array>
				<string>655EC62F18DF5FE20036515F</string>
				<string>655EC63018DF5FE20036515F</string>
			</array>
			<key>isa</key>
			<string>PBXGroup</string>
			<key>name</key>
			<string>Supporting Files</string>
			<key>sourceTree</key>
			<string>&lt;group&gt;</string>
		</dict>
		<key>655EC62F18DF5FE20036515F</key>
		<dict>
			<key>isa</key>
			<string>PBXFileReference</string>
			<key>lastKnownFileType</key>
			<string>text.plist.xml</string>
			<key>path</key>
			<string>life-gradeTests-Info.plist</string>
			<key>sourceTree</key>
			<string>&lt;group&gt;</string>
		</dict>
		<key>655EC63018DF5FE20036515F</key>
		<dict>
			<key>children</key>
			<array>
				<string>655EC63118DF5FE20036515F</string>
			</array>
			<key>isa</key>
			<string>PBXVariantGroup</string>
			<key>name</key>
			<string>InfoPlist.strings</string>
			<key>sourceTree</key>
			<string>&lt;group&gt;</string>
		</dict>
		<key>655EC63118DF5FE20036515F</key>
		<dict>
			<key>isa</key>
			<string>PBXFileReference</string>
			<key>lastKnownFileType</key>
			<string>text.plist.strings</string>
			<key>name</key>
			<string>en</string>
			<key>path</key>
			<string>en.lproj/InfoPlist.strings</string>
			<key>sourceTree</key>
			<string>&lt;group&gt;</string>
		</dict>
		<key>655EC63218DF5FE20036515F</key>
		<dict>
			<key>fileRef</key>
			<string>655EC63018DF5FE20036515F</string>
			<key>isa</key>
			<string>PBXBuildFile</string>
		</dict>
		<key>655EC63318DF5FE20036515F</key>
		<dict>
			<key>isa</key>
			<string>PBXFileReference</string>
			<key>lastKnownFileType</key>
			<string>sourcecode.c.objc</string>
			<key>path</key>
			<string>life_gradeTests.m</string>
			<key>sourceTree</key>
			<string>&lt;group&gt;</string>
		</dict>
		<key>655EC63418DF5FE20036515F</key>
		<dict>
			<key>fileRef</key>
			<string>655EC63318DF5FE20036515F</string>
			<key>isa</key>
			<string>PBXBuildFile</string>
		</dict>
		<key>655EC63518DF5FE20036515F</key>
		<dict>
			<key>buildSettings</key>
			<dict>
				<key>ALWAYS_SEARCH_USER_PATHS</key>
				<string>NO</string>
				<key>ARCHS</key>
				<string>$(ARCHS_STANDARD_INCLUDING_64_BIT)</string>
				<key>CLANG_CXX_LANGUAGE_STANDARD</key>
				<string>gnu++0x</string>
				<key>CLANG_CXX_LIBRARY</key>
				<string>libc++</string>
				<key>CLANG_ENABLE_MODULES</key>
				<string>YES</string>
				<key>CLANG_ENABLE_OBJC_ARC</key>
				<string>YES</string>
				<key>CLANG_WARN_BOOL_CONVERSION</key>
				<string>YES</string>
				<key>CLANG_WARN_CONSTANT_CONVERSION</key>
				<string>YES</string>
				<key>CLANG_WARN_DIRECT_OBJC_ISA_USAGE</key>
				<string>YES_ERROR</string>
				<key>CLANG_WARN_EMPTY_BODY</key>
				<string>YES</string>
				<key>CLANG_WARN_ENUM_CONVERSION</key>
				<string>YES</string>
				<key>CLANG_WARN_INT_CONVERSION</key>
				<string>YES</string>
				<key>CLANG_WARN_OBJC_ROOT_CLASS</key>
				<string>YES_ERROR</string>
				<key>CLANG_WARN__DUPLICATE_METHOD_MATCH</key>
				<string>YES</string>
				<key>CODE_SIGN_IDENTITY[sdk=iphoneos*]</key>
				<string>iPhone Developer</string>
				<key>COPY_PHASE_STRIP</key>
				<string>NO</string>
				<key>GCC_C_LANGUAGE_STANDARD</key>
				<string>gnu99</string>
				<key>GCC_DYNAMIC_NO_PIC</key>
				<string>NO</string>
				<key>GCC_OPTIMIZATION_LEVEL</key>
				<string>0</string>
				<key>GCC_PREPROCESSOR_DEFINITIONS</key>
				<array>
					<string>DEBUG=1</string>
					<string>$(inherited)</string>
				</array>
				<key>GCC_SYMBOLS_PRIVATE_EXTERN</key>
				<string>NO</string>
				<key>GCC_WARN_64_TO_32_BIT_CONVERSION</key>
				<string>YES</string>
				<key>GCC_WARN_ABOUT_RETURN_TYPE</key>
				<string>YES_ERROR</string>
				<key>GCC_WARN_UNDECLARED_SELECTOR</key>
				<string>YES</string>
				<key>GCC_WARN_UNINITIALIZED_AUTOS</key>
				<string>YES</string>
				<key>GCC_WARN_UNUSED_FUNCTION</key>
				<string>YES</string>
				<key>GCC_WARN_UNUSED_VARIABLE</key>
				<string>YES</string>
				<key>IPHONEOS_DEPLOYMENT_TARGET</key>
				<string>7.0</string>
				<key>ONLY_ACTIVE_ARCH</key>
				<string>YES</string>
				<key>SDKROOT</key>
				<string>iphoneos</string>
			</dict>
			<key>isa</key>
			<string>XCBuildConfiguration</string>
			<key>name</key>
			<string>Debug</string>
		</dict>
		<key>655EC63618DF5FE20036515F</key>
		<dict>
			<key>buildSettings</key>
			<dict>
				<key>ALWAYS_SEARCH_USER_PATHS</key>
				<string>NO</string>
				<key>ARCHS</key>
				<string>$(ARCHS_STANDARD_INCLUDING_64_BIT)</string>
				<key>CLANG_CXX_LANGUAGE_STANDARD</key>
				<string>gnu++0x</string>
				<key>CLANG_CXX_LIBRARY</key>
				<string>libc++</string>
				<key>CLANG_ENABLE_MODULES</key>
				<string>YES</string>
				<key>CLANG_ENABLE_OBJC_ARC</key>
				<string>YES</string>
				<key>CLANG_WARN_BOOL_CONVERSION</key>
				<string>YES</string>
				<key>CLANG_WARN_CONSTANT_CONVERSION</key>
				<string>YES</string>
				<key>CLANG_WARN_DIRECT_OBJC_ISA_USAGE</key>
				<string>YES_ERROR</string>
				<key>CLANG_WARN_EMPTY_BODY</key>
				<string>YES</string>
				<key>CLANG_WARN_ENUM_CONVERSION</key>
				<string>YES</string>
				<key>CLANG_WARN_INT_CONVERSION</key>
				<string>YES</string>
				<key>CLANG_WARN_OBJC_ROOT_CLASS</key>
				<string>YES_ERROR</string>
				<key>CLANG_WARN__DUPLICATE_METHOD_MATCH</key>
				<string>YES</string>
				<key>CODE_SIGN_IDENTITY[sdk=iphoneos*]</key>
				<string>iPhone Developer</string>
				<key>COPY_PHASE_STRIP</key>
				<string>YES</string>
				<key>ENABLE_NS_ASSERTIONS</key>
				<string>NO</string>
				<key>GCC_C_LANGUAGE_STANDARD</key>
				<string>gnu99</string>
				<key>GCC_WARN_64_TO_32_BIT_CONVERSION</key>
				<string>YES</string>
				<key>GCC_WARN_ABOUT_RETURN_TYPE</key>
				<string>YES_ERROR</string>
				<key>GCC_WARN_UNDECLARED_SELECTOR</key>
				<string>YES</string>
				<key>GCC_WARN_UNINITIALIZED_AUTOS</key>
				<string>YES</string>
				<key>GCC_WARN_UNUSED_FUNCTION</key>
				<string>YES</string>
				<key>GCC_WARN_UNUSED_VARIABLE</key>
				<string>YES</string>
				<key>IPHONEOS_DEPLOYMENT_TARGET</key>
				<string>7.0</string>
				<key>SDKROOT</key>
				<string>iphoneos</string>
				<key>VALIDATE_PRODUCT</key>
				<string>YES</string>
			</dict>
			<key>isa</key>
			<string>XCBuildConfiguration</string>
			<key>name</key>
			<string>Release</string>
		</dict>
		<key>655EC63718DF5FE20036515F</key>
		<dict>
			<key>buildConfigurations</key>
			<array>
				<string>655EC63818DF5FE20036515F</string>
				<string>655EC63918DF5FE20036515F</string>
			</array>
			<key>defaultConfigurationIsVisible</key>
			<string>0</string>
			<key>defaultConfigurationName</key>
			<string>Release</string>
			<key>isa</key>
			<string>XCConfigurationList</string>
		</dict>
		<key>655EC63818DF5FE20036515F</key>
		<dict>
			<key>baseConfigurationReference</key>
			<string>01B288485E7041259E32B3EF</string>
			<key>buildSettings</key>
			<dict>
				<key>ASSETCATALOG_COMPILER_APPICON_NAME</key>
				<string>AppIcon</string>
				<key>ASSETCATALOG_COMPILER_LAUNCHIMAGE_NAME</key>
				<string>LaunchImage</string>
				<key>FRAMEWORK_SEARCH_PATHS</key>
				<array>
					<string>$(inherited)</string>
					<string>/Users/smehus/Documents/life-grade</string>
				</array>
				<key>GCC_PRECOMPILE_PREFIX_HEADER</key>
				<string>YES</string>
				<key>GCC_PREFIX_HEADER</key>
				<string>life-grade/life-grade-Prefix.pch</string>
				<key>INFOPLIST_FILE</key>
				<string>life-grade/life-grade-Info.plist</string>
				<key>PRODUCT_NAME</key>
				<string>$(TARGET_NAME)</string>
				<key>WRAPPER_EXTENSION</key>
				<string>app</string>
			</dict>
			<key>isa</key>
			<string>XCBuildConfiguration</string>
			<key>name</key>
			<string>Debug</string>
		</dict>
		<key>655EC63918DF5FE20036515F</key>
		<dict>
			<key>baseConfigurationReference</key>
			<string>01B288485E7041259E32B3EF</string>
			<key>buildSettings</key>
			<dict>
				<key>ASSETCATALOG_COMPILER_APPICON_NAME</key>
				<string>AppIcon</string>
				<key>ASSETCATALOG_COMPILER_LAUNCHIMAGE_NAME</key>
				<string>LaunchImage</string>
				<key>FRAMEWORK_SEARCH_PATHS</key>
				<array>
					<string>$(inherited)</string>
					<string>/Users/smehus/Documents/life-grade</string>
				</array>
				<key>GCC_PRECOMPILE_PREFIX_HEADER</key>
				<string>YES</string>
				<key>GCC_PREFIX_HEADER</key>
				<string>life-grade/life-grade-Prefix.pch</string>
				<key>INFOPLIST_FILE</key>
				<string>life-grade/life-grade-Info.plist</string>
				<key>PRODUCT_NAME</key>
				<string>$(TARGET_NAME)</string>
				<key>WRAPPER_EXTENSION</key>
				<string>app</string>
			</dict>
			<key>isa</key>
			<string>XCBuildConfiguration</string>
			<key>name</key>
			<string>Release</string>
		</dict>
		<key>655EC63A18DF5FE20036515F</key>
		<dict>
			<key>buildConfigurations</key>
			<array>
				<string>655EC63B18DF5FE20036515F</string>
				<string>655EC63C18DF5FE20036515F</string>
			</array>
			<key>defaultConfigurationIsVisible</key>
			<string>0</string>
			<key>defaultConfigurationName</key>
			<string>Release</string>
			<key>isa</key>
			<string>XCConfigurationList</string>
		</dict>
		<key>655EC63B18DF5FE20036515F</key>
		<dict>
			<key>buildSettings</key>
			<dict>
				<key>ARCHS</key>
				<string>$(ARCHS_STANDARD_INCLUDING_64_BIT)</string>
				<key>BUNDLE_LOADER</key>
				<string>$(BUILT_PRODUCTS_DIR)/life-grade.app/life-grade</string>
				<key>FRAMEWORK_SEARCH_PATHS</key>
				<array>
					<string>$(SDKROOT)/Developer/Library/Frameworks</string>
					<string>$(inherited)</string>
					<string>$(DEVELOPER_FRAMEWORKS_DIR)</string>
				</array>
				<key>GCC_PRECOMPILE_PREFIX_HEADER</key>
				<string>YES</string>
				<key>GCC_PREFIX_HEADER</key>
				<string>life-grade/life-grade-Prefix.pch</string>
				<key>GCC_PREPROCESSOR_DEFINITIONS</key>
				<array>
					<string>DEBUG=1</string>
					<string>$(inherited)</string>
				</array>
				<key>INFOPLIST_FILE</key>
				<string>life-gradeTests/life-gradeTests-Info.plist</string>
				<key>PRODUCT_NAME</key>
				<string>$(TARGET_NAME)</string>
				<key>TEST_HOST</key>
				<string>$(BUNDLE_LOADER)</string>
				<key>WRAPPER_EXTENSION</key>
				<string>xctest</string>
			</dict>
			<key>isa</key>
			<string>XCBuildConfiguration</string>
			<key>name</key>
			<string>Debug</string>
		</dict>
		<key>655EC63C18DF5FE20036515F</key>
		<dict>
			<key>buildSettings</key>
			<dict>
				<key>ARCHS</key>
				<string>$(ARCHS_STANDARD_INCLUDING_64_BIT)</string>
				<key>BUNDLE_LOADER</key>
				<string>$(BUILT_PRODUCTS_DIR)/life-grade.app/life-grade</string>
				<key>FRAMEWORK_SEARCH_PATHS</key>
				<array>
					<string>$(SDKROOT)/Developer/Library/Frameworks</string>
					<string>$(inherited)</string>
					<string>$(DEVELOPER_FRAMEWORKS_DIR)</string>
				</array>
				<key>GCC_PRECOMPILE_PREFIX_HEADER</key>
				<string>YES</string>
				<key>GCC_PREFIX_HEADER</key>
				<string>life-grade/life-grade-Prefix.pch</string>
				<key>INFOPLIST_FILE</key>
				<string>life-gradeTests/life-gradeTests-Info.plist</string>
				<key>PRODUCT_NAME</key>
				<string>$(TARGET_NAME)</string>
				<key>TEST_HOST</key>
				<string>$(BUNDLE_LOADER)</string>
				<key>WRAPPER_EXTENSION</key>
				<string>xctest</string>
			</dict>
			<key>isa</key>
			<string>XCBuildConfiguration</string>
			<key>name</key>
			<string>Release</string>
		</dict>
		<key>655EC63D18DF60280036515F</key>
		<dict>
			<key>isa</key>
			<string>PBXFileReference</string>
			<key>lastKnownFileType</key>
			<string>wrapper.framework</string>
			<key>path</key>
			<string>Parse.framework</string>
			<key>sourceTree</key>
			<string>&lt;group&gt;</string>
		</dict>
		<key>655EC63E18DF60280036515F</key>
		<dict>
			<key>fileRef</key>
			<string>655EC63D18DF60280036515F</string>
			<key>isa</key>
			<string>PBXBuildFile</string>
		</dict>
		<key>655EC63F18DF62550036515F</key>
		<dict>
			<key>fileEncoding</key>
			<string>4</string>
			<key>isa</key>
			<string>PBXFileReference</string>
			<key>lastKnownFileType</key>
			<string>sourcecode.c.h</string>
			<key>path</key>
			<string>MenuViewController.h</string>
			<key>sourceTree</key>
			<string>&lt;group&gt;</string>
		</dict>
		<key>655EC64018DF62550036515F</key>
		<dict>
			<key>fileEncoding</key>
			<string>4</string>
			<key>isa</key>
			<string>PBXFileReference</string>
			<key>lastKnownFileType</key>
			<string>sourcecode.c.objc</string>
			<key>path</key>
			<string>MenuViewController.m</string>
			<key>sourceTree</key>
			<string>&lt;group&gt;</string>
		</dict>
		<key>655EC64118DF62550036515F</key>
		<dict>
			<key>fileEncoding</key>
			<string>4</string>
			<key>isa</key>
			<string>PBXFileReference</string>
			<key>lastKnownFileType</key>
			<string>file.xib</string>
			<key>path</key>
			<string>MenuViewController.xib</string>
			<key>sourceTree</key>
			<string>&lt;group&gt;</string>
		</dict>
		<key>655EC64218DF62550036515F</key>
		<dict>
			<key>fileRef</key>
			<string>655EC64018DF62550036515F</string>
			<key>isa</key>
			<string>PBXBuildFile</string>
		</dict>
		<key>655EC64318DF62550036515F</key>
		<dict>
			<key>fileRef</key>
			<string>655EC64118DF62550036515F</string>
			<key>isa</key>
			<string>PBXBuildFile</string>
		</dict>
		<key>655EC64418DF626E0036515F</key>
		<dict>
			<key>fileEncoding</key>
			<string>4</string>
			<key>isa</key>
			<string>PBXFileReference</string>
			<key>lastKnownFileType</key>
			<string>sourcecode.c.h</string>
			<key>path</key>
			<string>OpeningViewController.h</string>
			<key>sourceTree</key>
			<string>&lt;group&gt;</string>
		</dict>
		<key>655EC64518DF626E0036515F</key>
		<dict>
			<key>fileEncoding</key>
			<string>4</string>
			<key>isa</key>
			<string>PBXFileReference</string>
			<key>lastKnownFileType</key>
			<string>sourcecode.c.objc</string>
			<key>path</key>
			<string>OpeningViewController.m</string>
			<key>sourceTree</key>
			<string>&lt;group&gt;</string>
		</dict>
		<key>655EC64618DF626E0036515F</key>
		<dict>
			<key>fileEncoding</key>
			<string>4</string>
			<key>isa</key>
			<string>PBXFileReference</string>
			<key>lastKnownFileType</key>
			<string>file.xib</string>
			<key>path</key>
			<string>OpeningViewController.xib</string>
			<key>sourceTree</key>
			<string>&lt;group&gt;</string>
		</dict>
		<key>655EC64718DF626E0036515F</key>
		<dict>
			<key>fileRef</key>
			<string>655EC64518DF626E0036515F</string>
			<key>isa</key>
			<string>PBXBuildFile</string>
		</dict>
		<key>655EC64818DF626E0036515F</key>
		<dict>
			<key>fileRef</key>
			<string>655EC64618DF626E0036515F</string>
			<key>isa</key>
			<string>PBXBuildFile</string>
		</dict>
		<key>655EC64918DF63580036515F</key>
		<dict>
			<key>fileEncoding</key>
			<string>4</string>
			<key>isa</key>
			<string>PBXFileReference</string>
			<key>lastKnownFileType</key>
			<string>sourcecode.c.h</string>
			<key>path</key>
			<string>SWRevealViewController.h</string>
			<key>sourceTree</key>
			<string>&lt;group&gt;</string>
		</dict>
		<key>655EC64A18DF63580036515F</key>
		<dict>
			<key>fileEncoding</key>
			<string>4</string>
			<key>isa</key>
			<string>PBXFileReference</string>
			<key>lastKnownFileType</key>
			<string>sourcecode.c.objc</string>
			<key>path</key>
			<string>SWRevealViewController.m</string>
			<key>sourceTree</key>
			<string>&lt;group&gt;</string>
		</dict>
		<key>655EC64B18DF63580036515F</key>
		<dict>
			<key>fileRef</key>
			<string>655EC64A18DF63580036515F</string>
			<key>isa</key>
			<string>PBXBuildFile</string>
		</dict>
		<key>A960DAF569C04584853BD49B</key>
		<dict>
			<key>explicitFileType</key>
			<string>archive.ar</string>
			<key>includeInIndex</key>
			<string>0</string>
			<key>isa</key>
			<string>PBXFileReference</string>
			<key>path</key>
			<string>libPods.a</string>
			<key>sourceTree</key>
			<string>BUILT_PRODUCTS_DIR</string>
		</dict>
		<key>D881064CEB404F34B14EC1D0</key>
		<dict>
			<key>buildActionMask</key>
			<string>2147483647</string>
			<key>files</key>
			<array/>
			<key>inputPaths</key>
			<array/>
			<key>isa</key>
			<string>PBXShellScriptBuildPhase</string>
			<key>name</key>
			<string>Copy Pods Resources</string>
			<key>outputPaths</key>
			<array/>
			<key>runOnlyForDeploymentPostprocessing</key>
			<string>0</string>
			<key>shellPath</key>
			<string>/bin/sh</string>
			<key>shellScript</key>
			<string>"${SRCROOT}/Pods/Pods-resources.sh"
</string>
			<key>showEnvVarsInLog</key>
			<string>0</string>
		</dict>
		<key>E336CAD8806747469A293CAB</key>
		<dict>
			<key>fileRef</key>
			<string>A960DAF569C04584853BD49B</string>
			<key>isa</key>
			<string>PBXBuildFile</string>
		</dict>
	</dict>
	<key>rootObject</key>
	<string>655EC5FD18DF5FE20036515F</string>
</dict>
</plist>
